// !$*UTF8*$!
{
	archiveVersion = 1;
	classes = {
	};
	objectVersion = 56;
	objects = {

/* Begin PBXBuildFile section */
		942C53EE2C55152E00DE9BD7 /* README.md in Resources */ = {isa = PBXBuildFile; fileRef = 942C53EC2C55152E00DE9BD7 /* README.md */; };
		942C53EF2C55152E00DE9BD7 /* routes_generator.rb in Resources */ = {isa = PBXBuildFile; fileRef = 942C53ED2C55152E00DE9BD7 /* routes_generator.rb */; };
		942C53F12C55201900DE9BD7 /* shapes_generator.rb in Resources */ = {isa = PBXBuildFile; fileRef = 942C53F02C55201900DE9BD7 /* shapes_generator.rb */; };
		942C53F52C55208B00DE9BD7 /* shapes.json in Resources */ = {isa = PBXBuildFile; fileRef = 942C53F42C55208B00DE9BD7 /* shapes.json */; };
		942C53F72C55217400DE9BD7 /* Route.swift in Sources */ = {isa = PBXBuildFile; fileRef = 942C53F62C55217400DE9BD7 /* Route.swift */; };
		942C53F92C5521AF00DE9BD7 /* ShapesRepository.swift in Sources */ = {isa = PBXBuildFile; fileRef = 942C53F82C5521AF00DE9BD7 /* ShapesRepository.swift */; };
		9449C9D02C6DFBBA009E98F3 /* Shape.swift in Sources */ = {isa = PBXBuildFile; fileRef = 9449C9CF2C6DFBBA009E98F3 /* Shape.swift */; };
		9449C9D22C6DFCD4009E98F3 /* BusRoute.swift in Sources */ = {isa = PBXBuildFile; fileRef = 9449C9D12C6DFCD4009E98F3 /* BusRoute.swift */; };
		9449C9D52C6E01C6009E98F3 /* StopsRepository.swift in Sources */ = {isa = PBXBuildFile; fileRef = 9449C9D32C6E01C6009E98F3 /* StopsRepository.swift */; };
		9449C9D62C6E01C6009E98F3 /* StopTimesRepository.swift in Sources */ = {isa = PBXBuildFile; fileRef = 9449C9D42C6E01C6009E98F3 /* StopTimesRepository.swift */; };
		9449C9D82C6E01CE009E98F3 /* Trip.swift in Sources */ = {isa = PBXBuildFile; fileRef = 9449C9D72C6E01CE009E98F3 /* Trip.swift */; };
		9449C9DA2C6E0223009E98F3 /* TripsRepository.swift in Sources */ = {isa = PBXBuildFile; fileRef = 9449C9D92C6E0223009E98F3 /* TripsRepository.swift */; };
		947633D52C6E0747000F20C7 /* Stop.swift in Sources */ = {isa = PBXBuildFile; fileRef = 947633D42C6E0747000F20C7 /* Stop.swift */; };
		947633D72C6E079A000F20C7 /* StopTime.swift in Sources */ = {isa = PBXBuildFile; fileRef = 947633D62C6E0799000F20C7 /* StopTime.swift */; };
		94891BC82C3AF77A008AFC53 /* gtfs-realtime.pb.swift in Sources */ = {isa = PBXBuildFile; fileRef = 94891BC72C3AF77A008AFC53 /* gtfs-realtime.pb.swift */; };
		94891BD72C3AFBCF008AFC53 /* MapView.swift in Sources */ = {isa = PBXBuildFile; fileRef = 94891BD62C3AFBCF008AFC53 /* MapView.swift */; };
		94891BD92C3AFC20008AFC53 /* MapViewModel.swift in Sources */ = {isa = PBXBuildFile; fileRef = 94891BD82C3AFC20008AFC53 /* MapViewModel.swift */; };
		94891BDC2C3AFCF6008AFC53 /* TransitAPIClient.swift in Sources */ = {isa = PBXBuildFile; fileRef = 94891BDB2C3AFCF6008AFC53 /* TransitAPIClient.swift */; };
		94891BDE2C3B016C008AFC53 /* MapLocation.swift in Sources */ = {isa = PBXBuildFile; fileRef = 94891BDD2C3B016C008AFC53 /* MapLocation.swift */; };
		94891BE02C3B017B008AFC53 /* Bus.swift in Sources */ = {isa = PBXBuildFile; fileRef = 94891BDF2C3B017B008AFC53 /* Bus.swift */; };
		949765742C516EFE001321CA /* Config.xcconfig in Resources */ = {isa = PBXBuildFile; fileRef = 949765732C516EFE001321CA /* Config.xcconfig */; };
		949765762C516F96001321CA /* Config-Secret.xcconfig in Resources */ = {isa = PBXBuildFile; fileRef = 949765752C516F96001321CA /* Config-Secret.xcconfig */; };
		949A570C2C52CAA5007457B0 /* MapboxNavigationCore in Frameworks */ = {isa = PBXBuildFile; productRef = 949A570B2C52CAA5007457B0 /* MapboxNavigationCore */; };
		949A570E2C52CAA5007457B0 /* MapboxNavigationUIKit in Frameworks */ = {isa = PBXBuildFile; productRef = 949A570D2C52CAA5007457B0 /* MapboxNavigationUIKit */; };
		94ABDF812C29ABBD00970F8C /* CyBusApp.swift in Sources */ = {isa = PBXBuildFile; fileRef = 94ABDF802C29ABBD00970F8C /* CyBusApp.swift */; };
		94ABDF852C29ABBD00970F8C /* Assets.xcassets in Resources */ = {isa = PBXBuildFile; fileRef = 94ABDF842C29ABBD00970F8C /* Assets.xcassets */; };
		94ABDF892C29ABBD00970F8C /* Preview Assets.xcassets in Resources */ = {isa = PBXBuildFile; fileRef = 94ABDF882C29ABBD00970F8C /* Preview Assets.xcassets */; };
		94ABDF932C29ABBD00970F8C /* CyBusTests.swift in Sources */ = {isa = PBXBuildFile; fileRef = 94ABDF922C29ABBD00970F8C /* CyBusTests.swift */; };
		94ABDF9D2C29ABBE00970F8C /* CyBusUITests.swift in Sources */ = {isa = PBXBuildFile; fileRef = 94ABDF9C2C29ABBE00970F8C /* CyBusUITests.swift */; };
		94ABDF9F2C29ABBE00970F8C /* CyBusUITestsLaunchTests.swift in Sources */ = {isa = PBXBuildFile; fileRef = 94ABDF9E2C29ABBE00970F8C /* CyBusUITestsLaunchTests.swift */; };
		94BB5BC72C35CBDF00404028 /* SwiftProtobuf in Frameworks */ = {isa = PBXBuildFile; productRef = 94BB5BC62C35CBDF00404028 /* SwiftProtobuf */; };
		94CC17462C4EC6AA00AC358D /* routes.json in Resources */ = {isa = PBXBuildFile; fileRef = 94CC17452C4EC6AA00AC358D /* routes.json */; };
		94CC17482C4ECF7C00AC358D /* BusMarkerView.swift in Sources */ = {isa = PBXBuildFile; fileRef = 94CC17472C4ECF7C00AC358D /* BusMarkerView.swift */; };
		94F2208A2C5E701F00D776B9 /* ClearRouteButton.swift in Sources */ = {isa = PBXBuildFile; fileRef = 94F220892C5E701F00D776B9 /* ClearRouteButton.swift */; };
		94F2208C2C5E704100D776B9 /* LocationButton.swift in Sources */ = {isa = PBXBuildFile; fileRef = 94F2208B2C5E704100D776B9 /* LocationButton.swift */; };
		94F2208E2C5E7E5000D776B9 /* ZoomButton.swift in Sources */ = {isa = PBXBuildFile; fileRef = 94F2208D2C5E7E5000D776B9 /* ZoomButton.swift */; };
		94F220902C5E85A600D776B9 /* trips_generator.rb in Resources */ = {isa = PBXBuildFile; fileRef = 94F2208F2C5E85A600D776B9 /* trips_generator.rb */; };
		94F220922C5E85B200D776B9 /* generate.sh in Resources */ = {isa = PBXBuildFile; fileRef = 94F220912C5E85B200D776B9 /* generate.sh */; };
		94F220942C5E85C700D776B9 /* trips.json in Resources */ = {isa = PBXBuildFile; fileRef = 94F220932C5E85C700D776B9 /* trips.json */; };
		94F220992C5E886E00D776B9 /* stops_generator.rb in Resources */ = {isa = PBXBuildFile; fileRef = 94F220972C5E886E00D776B9 /* stops_generator.rb */; };
		94F2209A2C5E886E00D776B9 /* stop_times_generator.rb in Resources */ = {isa = PBXBuildFile; fileRef = 94F220982C5E886E00D776B9 /* stop_times_generator.rb */; };
		94F2209D2C5E888200D776B9 /* stops.json in Resources */ = {isa = PBXBuildFile; fileRef = 94F2209B2C5E888200D776B9 /* stops.json */; };
		94F2209E2C5E888200D776B9 /* stop_times.json in Resources */ = {isa = PBXBuildFile; fileRef = 94F2209C2C5E888200D776B9 /* stop_times.json */; };
/* End PBXBuildFile section */

/* Begin PBXContainerItemProxy section */
		94ABDF8F2C29ABBD00970F8C /* PBXContainerItemProxy */ = {
			isa = PBXContainerItemProxy;
			containerPortal = 94ABDF752C29ABBD00970F8C /* Project object */;
			proxyType = 1;
			remoteGlobalIDString = 94ABDF7C2C29ABBD00970F8C;
			remoteInfo = CyBus;
		};
		94ABDF992C29ABBE00970F8C /* PBXContainerItemProxy */ = {
			isa = PBXContainerItemProxy;
			containerPortal = 94ABDF752C29ABBD00970F8C /* Project object */;
			proxyType = 1;
			remoteGlobalIDString = 94ABDF7C2C29ABBD00970F8C;
			remoteInfo = CyBus;
		};
/* End PBXContainerItemProxy section */

/* Begin PBXFileReference section */
		9400C2532C35BA3600355A0F /* Info.plist */ = {isa = PBXFileReference; lastKnownFileType = text.plist.xml; path = Info.plist; sourceTree = "<group>"; };
		942C53EC2C55152E00DE9BD7 /* README.md */ = {isa = PBXFileReference; fileEncoding = 4; lastKnownFileType = net.daringfireball.markdown; path = README.md; sourceTree = "<group>"; };
		942C53ED2C55152E00DE9BD7 /* routes_generator.rb */ = {isa = PBXFileReference; fileEncoding = 4; lastKnownFileType = text.script.ruby; path = routes_generator.rb; sourceTree = "<group>"; };
		942C53F02C55201900DE9BD7 /* shapes_generator.rb */ = {isa = PBXFileReference; fileEncoding = 4; lastKnownFileType = text.script.ruby; path = shapes_generator.rb; sourceTree = "<group>"; };
		942C53F42C55208B00DE9BD7 /* shapes.json */ = {isa = PBXFileReference; fileEncoding = 4; lastKnownFileType = text.json; path = shapes.json; sourceTree = "<group>"; };
		942C53F62C55217400DE9BD7 /* Route.swift */ = {isa = PBXFileReference; lastKnownFileType = sourcecode.swift; path = Route.swift; sourceTree = "<group>"; };
		942C53F82C5521AF00DE9BD7 /* ShapesRepository.swift */ = {isa = PBXFileReference; lastKnownFileType = sourcecode.swift; path = ShapesRepository.swift; sourceTree = "<group>"; };
		9449C9CF2C6DFBBA009E98F3 /* Shape.swift */ = {isa = PBXFileReference; lastKnownFileType = sourcecode.swift; path = Shape.swift; sourceTree = "<group>"; };
		9449C9D12C6DFCD4009E98F3 /* BusRoute.swift */ = {isa = PBXFileReference; lastKnownFileType = sourcecode.swift; path = BusRoute.swift; sourceTree = "<group>"; };
		9449C9D32C6E01C6009E98F3 /* StopsRepository.swift */ = {isa = PBXFileReference; fileEncoding = 4; lastKnownFileType = sourcecode.swift; path = StopsRepository.swift; sourceTree = "<group>"; };
		9449C9D42C6E01C6009E98F3 /* StopTimesRepository.swift */ = {isa = PBXFileReference; fileEncoding = 4; lastKnownFileType = sourcecode.swift; path = StopTimesRepository.swift; sourceTree = "<group>"; };
		9449C9D72C6E01CE009E98F3 /* Trip.swift */ = {isa = PBXFileReference; fileEncoding = 4; lastKnownFileType = sourcecode.swift; path = Trip.swift; sourceTree = "<group>"; };
		9449C9D92C6E0223009E98F3 /* TripsRepository.swift */ = {isa = PBXFileReference; fileEncoding = 4; lastKnownFileType = sourcecode.swift; path = TripsRepository.swift; sourceTree = "<group>"; };
		947633D42C6E0747000F20C7 /* Stop.swift */ = {isa = PBXFileReference; lastKnownFileType = sourcecode.swift; path = Stop.swift; sourceTree = "<group>"; };
		947633D62C6E0799000F20C7 /* StopTime.swift */ = {isa = PBXFileReference; lastKnownFileType = sourcecode.swift; path = StopTime.swift; sourceTree = "<group>"; };
		94891BC72C3AF77A008AFC53 /* gtfs-realtime.pb.swift */ = {isa = PBXFileReference; fileEncoding = 4; lastKnownFileType = sourcecode.swift; path = "gtfs-realtime.pb.swift"; sourceTree = "<group>"; };
		94891BD62C3AFBCF008AFC53 /* MapView.swift */ = {isa = PBXFileReference; lastKnownFileType = sourcecode.swift; path = MapView.swift; sourceTree = "<group>"; };
		94891BD82C3AFC20008AFC53 /* MapViewModel.swift */ = {isa = PBXFileReference; lastKnownFileType = sourcecode.swift; path = MapViewModel.swift; sourceTree = "<group>"; };
		94891BDB2C3AFCF6008AFC53 /* TransitAPIClient.swift */ = {isa = PBXFileReference; lastKnownFileType = sourcecode.swift; path = TransitAPIClient.swift; sourceTree = "<group>"; };
		94891BDD2C3B016C008AFC53 /* MapLocation.swift */ = {isa = PBXFileReference; lastKnownFileType = sourcecode.swift; path = MapLocation.swift; sourceTree = "<group>"; };
		94891BDF2C3B017B008AFC53 /* Bus.swift */ = {isa = PBXFileReference; lastKnownFileType = sourcecode.swift; path = Bus.swift; sourceTree = "<group>"; };
		949765732C516EFE001321CA /* Config.xcconfig */ = {isa = PBXFileReference; lastKnownFileType = text.xcconfig; path = Config.xcconfig; sourceTree = "<group>"; };
		949765752C516F96001321CA /* Config-Secret.xcconfig */ = {isa = PBXFileReference; lastKnownFileType = text.xcconfig; path = "Config-Secret.xcconfig"; sourceTree = "<group>"; };
		94ABDF7D2C29ABBD00970F8C /* CyBus.app */ = {isa = PBXFileReference; explicitFileType = wrapper.application; includeInIndex = 0; path = CyBus.app; sourceTree = BUILT_PRODUCTS_DIR; };
		94ABDF802C29ABBD00970F8C /* CyBusApp.swift */ = {isa = PBXFileReference; lastKnownFileType = sourcecode.swift; path = CyBusApp.swift; sourceTree = "<group>"; };
		94ABDF842C29ABBD00970F8C /* Assets.xcassets */ = {isa = PBXFileReference; lastKnownFileType = folder.assetcatalog; path = Assets.xcassets; sourceTree = "<group>"; };
		94ABDF862C29ABBD00970F8C /* CyBus.entitlements */ = {isa = PBXFileReference; lastKnownFileType = text.plist.entitlements; path = CyBus.entitlements; sourceTree = "<group>"; };
		94ABDF882C29ABBD00970F8C /* Preview Assets.xcassets */ = {isa = PBXFileReference; lastKnownFileType = folder.assetcatalog; path = "Preview Assets.xcassets"; sourceTree = "<group>"; };
		94ABDF8E2C29ABBD00970F8C /* CyBusTests.xctest */ = {isa = PBXFileReference; explicitFileType = wrapper.cfbundle; includeInIndex = 0; path = CyBusTests.xctest; sourceTree = BUILT_PRODUCTS_DIR; };
		94ABDF922C29ABBD00970F8C /* CyBusTests.swift */ = {isa = PBXFileReference; lastKnownFileType = sourcecode.swift; path = CyBusTests.swift; sourceTree = "<group>"; };
		94ABDF982C29ABBE00970F8C /* CyBusUITests.xctest */ = {isa = PBXFileReference; explicitFileType = wrapper.cfbundle; includeInIndex = 0; path = CyBusUITests.xctest; sourceTree = BUILT_PRODUCTS_DIR; };
		94ABDF9C2C29ABBE00970F8C /* CyBusUITests.swift */ = {isa = PBXFileReference; lastKnownFileType = sourcecode.swift; path = CyBusUITests.swift; sourceTree = "<group>"; };
		94ABDF9E2C29ABBE00970F8C /* CyBusUITestsLaunchTests.swift */ = {isa = PBXFileReference; lastKnownFileType = sourcecode.swift; path = CyBusUITestsLaunchTests.swift; sourceTree = "<group>"; };
		94BB5BCB2C35CDB000404028 /* gtfs-realtime.proto */ = {isa = PBXFileReference; fileEncoding = 4; lastKnownFileType = sourcecode.protobuf; path = "gtfs-realtime.proto"; sourceTree = "<group>"; };
		94CC17362C4EC42C00AC358D /* routes.shp */ = {isa = PBXFileReference; lastKnownFileType = file; path = routes.shp; sourceTree = "<group>"; };
		94CC173D2C4EC65300AC358D /* routes.prj */ = {isa = PBXFileReference; fileEncoding = 4; lastKnownFileType = text; path = routes.prj; sourceTree = "<group>"; };
		94CC173F2C4EC65300AC358D /* routes.shx */ = {isa = PBXFileReference; lastKnownFileType = file; path = routes.shx; sourceTree = "<group>"; };
		94CC17402C4EC65300AC358D /* routes.dbf */ = {isa = PBXFileReference; lastKnownFileType = file; path = routes.dbf; sourceTree = "<group>"; };
		94CC17452C4EC6AA00AC358D /* routes.json */ = {isa = PBXFileReference; fileEncoding = 4; lastKnownFileType = text.json; path = routes.json; sourceTree = "<group>"; };
		94CC17472C4ECF7C00AC358D /* BusMarkerView.swift */ = {isa = PBXFileReference; lastKnownFileType = sourcecode.swift; path = BusMarkerView.swift; sourceTree = "<group>"; };
		94F220892C5E701F00D776B9 /* ClearRouteButton.swift */ = {isa = PBXFileReference; lastKnownFileType = sourcecode.swift; path = ClearRouteButton.swift; sourceTree = "<group>"; };
		94F2208B2C5E704100D776B9 /* LocationButton.swift */ = {isa = PBXFileReference; lastKnownFileType = sourcecode.swift; path = LocationButton.swift; sourceTree = "<group>"; };
		94F2208D2C5E7E5000D776B9 /* ZoomButton.swift */ = {isa = PBXFileReference; lastKnownFileType = sourcecode.swift; path = ZoomButton.swift; sourceTree = "<group>"; };
		94F2208F2C5E85A600D776B9 /* trips_generator.rb */ = {isa = PBXFileReference; fileEncoding = 4; lastKnownFileType = text.script.ruby; path = trips_generator.rb; sourceTree = "<group>"; };
		94F220912C5E85B200D776B9 /* generate.sh */ = {isa = PBXFileReference; fileEncoding = 4; lastKnownFileType = text.script.sh; path = generate.sh; sourceTree = "<group>"; };
		94F220932C5E85C700D776B9 /* trips.json */ = {isa = PBXFileReference; fileEncoding = 4; lastKnownFileType = text.json; path = trips.json; sourceTree = "<group>"; };
		94F220972C5E886E00D776B9 /* stops_generator.rb */ = {isa = PBXFileReference; fileEncoding = 4; lastKnownFileType = text.script.ruby; path = stops_generator.rb; sourceTree = "<group>"; };
		94F220982C5E886E00D776B9 /* stop_times_generator.rb */ = {isa = PBXFileReference; fileEncoding = 4; lastKnownFileType = text.script.ruby; path = stop_times_generator.rb; sourceTree = "<group>"; };
		94F2209B2C5E888200D776B9 /* stops.json */ = {isa = PBXFileReference; fileEncoding = 4; lastKnownFileType = text.json; path = stops.json; sourceTree = "<group>"; };
		94F2209C2C5E888200D776B9 /* stop_times.json */ = {isa = PBXFileReference; fileEncoding = 4; lastKnownFileType = text.json; path = stop_times.json; sourceTree = "<group>"; };
/* End PBXFileReference section */

/* Begin PBXFrameworksBuildPhase section */
		94ABDF7A2C29ABBD00970F8C /* Frameworks */ = {
			isa = PBXFrameworksBuildPhase;
			buildActionMask = 2147483647;
			files = (
				949A570E2C52CAA5007457B0 /* MapboxNavigationUIKit in Frameworks */,
				949A570C2C52CAA5007457B0 /* MapboxNavigationCore in Frameworks */,
				94BB5BC72C35CBDF00404028 /* SwiftProtobuf in Frameworks */,
			);
			runOnlyForDeploymentPostprocessing = 0;
		};
		94ABDF8B2C29ABBD00970F8C /* Frameworks */ = {
			isa = PBXFrameworksBuildPhase;
			buildActionMask = 2147483647;
			files = (
			);
			runOnlyForDeploymentPostprocessing = 0;
		};
		94ABDF952C29ABBE00970F8C /* Frameworks */ = {
			isa = PBXFrameworksBuildPhase;
			buildActionMask = 2147483647;
			files = (
			);
			runOnlyForDeploymentPostprocessing = 0;
		};
/* End PBXFrameworksBuildPhase section */

/* Begin PBXGroup section */
		94891BD22C3AFB86008AFC53 /* Models */ = {
			isa = PBXGroup;
			children = (
				9449C9D72C6E01CE009E98F3 /* Trip.swift */,
				94891BDD2C3B016C008AFC53 /* MapLocation.swift */,
				94891BDF2C3B017B008AFC53 /* Bus.swift */,
				942C53F62C55217400DE9BD7 /* Route.swift */,
				9449C9CF2C6DFBBA009E98F3 /* Shape.swift */,
				947633D42C6E0747000F20C7 /* Stop.swift */,
				947633D62C6E0799000F20C7 /* StopTime.swift */,
			);
			path = Models;
			sourceTree = "<group>";
		};
		94891BD32C3AFB8E008AFC53 /* Views */ = {
			isa = PBXGroup;
			children = (
				94891BD52C3AFBB3008AFC53 /* MapView */,
			);
			path = Views;
			sourceTree = "<group>";
		};
		94891BD42C3AFB95008AFC53 /* ViewModels */ = {
			isa = PBXGroup;
			children = (
				94891BD82C3AFC20008AFC53 /* MapViewModel.swift */,
				9449C9D12C6DFCD4009E98F3 /* BusRoute.swift */,
			);
			path = ViewModels;
			sourceTree = "<group>";
		};
		94891BD52C3AFBB3008AFC53 /* MapView */ = {
			isa = PBXGroup;
			children = (
				94891BD62C3AFBCF008AFC53 /* MapView.swift */,
				94CC17472C4ECF7C00AC358D /* BusMarkerView.swift */,
				94F220892C5E701F00D776B9 /* ClearRouteButton.swift */,
				94F2208B2C5E704100D776B9 /* LocationButton.swift */,
				94F2208D2C5E7E5000D776B9 /* ZoomButton.swift */,
			);
			path = MapView;
			sourceTree = "<group>";
		};
		94891BDA2C3AFC65008AFC53 /* Services */ = {
			isa = PBXGroup;
			children = (
				9449C9D92C6E0223009E98F3 /* TripsRepository.swift */,
				9449C9D32C6E01C6009E98F3 /* StopsRepository.swift */,
				9449C9D42C6E01C6009E98F3 /* StopTimesRepository.swift */,
				94891BDB2C3AFCF6008AFC53 /* TransitAPIClient.swift */,
				942C53F82C5521AF00DE9BD7 /* ShapesRepository.swift */,
			);
			path = Services;
			sourceTree = "<group>";
		};
		94ABDF742C29ABBD00970F8C = {
			isa = PBXGroup;
			children = (
				94F220912C5E85B200D776B9 /* generate.sh */,
				942C53EC2C55152E00DE9BD7 /* README.md */,
				94F220972C5E886E00D776B9 /* stops_generator.rb */,
				94F220982C5E886E00D776B9 /* stop_times_generator.rb */,
				94F2208F2C5E85A600D776B9 /* trips_generator.rb */,
				942C53F02C55201900DE9BD7 /* shapes_generator.rb */,
				942C53ED2C55152E00DE9BD7 /* routes_generator.rb */,
				949765752C516F96001321CA /* Config-Secret.xcconfig */,
				949765732C516EFE001321CA /* Config.xcconfig */,
				94BB5BCA2C35CD8D00404028 /* Protos */,
				94BB5BC82C35CCCB00404028 /* Generated */,
				94ABDF7F2C29ABBD00970F8C /* CyBus */,
				94ABDF912C29ABBD00970F8C /* CyBusTests */,
				94ABDF9B2C29ABBE00970F8C /* CyBusUITests */,
				94ABDF7E2C29ABBD00970F8C /* Products */,
				94BB5BC52C35CBDF00404028 /* Frameworks */,
			);
			sourceTree = "<group>";
		};
		94ABDF7E2C29ABBD00970F8C /* Products */ = {
			isa = PBXGroup;
			children = (
				94ABDF7D2C29ABBD00970F8C /* CyBus.app */,
				94ABDF8E2C29ABBD00970F8C /* CyBusTests.xctest */,
				94ABDF982C29ABBE00970F8C /* CyBusUITests.xctest */,
			);
			name = Products;
			sourceTree = "<group>";
		};
		94ABDF7F2C29ABBD00970F8C /* CyBus */ = {
			isa = PBXGroup;
			children = (
				94891BDA2C3AFC65008AFC53 /* Services */,
				94891BD42C3AFB95008AFC53 /* ViewModels */,
				94891BD32C3AFB8E008AFC53 /* Views */,
				94891BD22C3AFB86008AFC53 /* Models */,
				9400C2532C35BA3600355A0F /* Info.plist */,
				94F2209C2C5E888200D776B9 /* stop_times.json */,
				94F2209B2C5E888200D776B9 /* stops.json */,
				94F220932C5E85C700D776B9 /* trips.json */,
				94CC17452C4EC6AA00AC358D /* routes.json */,
				942C53F42C55208B00DE9BD7 /* shapes.json */,
				94ABDF802C29ABBD00970F8C /* CyBusApp.swift */,
				94ABDF842C29ABBD00970F8C /* Assets.xcassets */,
				94ABDF862C29ABBD00970F8C /* CyBus.entitlements */,
				94ABDF872C29ABBD00970F8C /* Preview Content */,
			);
			path = CyBus;
			sourceTree = "<group>";
		};
		94ABDF872C29ABBD00970F8C /* Preview Content */ = {
			isa = PBXGroup;
			children = (
				94ABDF882C29ABBD00970F8C /* Preview Assets.xcassets */,
			);
			path = "Preview Content";
			sourceTree = "<group>";
		};
		94ABDF912C29ABBD00970F8C /* CyBusTests */ = {
			isa = PBXGroup;
			children = (
				94ABDF922C29ABBD00970F8C /* CyBusTests.swift */,
			);
			path = CyBusTests;
			sourceTree = "<group>";
		};
		94ABDF9B2C29ABBE00970F8C /* CyBusUITests */ = {
			isa = PBXGroup;
			children = (
				94ABDF9C2C29ABBE00970F8C /* CyBusUITests.swift */,
				94ABDF9E2C29ABBE00970F8C /* CyBusUITestsLaunchTests.swift */,
			);
			path = CyBusUITests;
			sourceTree = "<group>";
		};
		94BB5BC52C35CBDF00404028 /* Frameworks */ = {
			isa = PBXGroup;
			children = (
			);
			name = Frameworks;
			sourceTree = "<group>";
		};
		94BB5BC82C35CCCB00404028 /* Generated */ = {
			isa = PBXGroup;
			children = (
				94CC17362C4EC42C00AC358D /* routes.shp */,
				94CC17402C4EC65300AC358D /* routes.dbf */,
				94CC173D2C4EC65300AC358D /* routes.prj */,
				94CC173F2C4EC65300AC358D /* routes.shx */,
				94891BC72C3AF77A008AFC53 /* gtfs-realtime.pb.swift */,
			);
			path = Generated;
			sourceTree = "<group>";
		};
		94BB5BCA2C35CD8D00404028 /* Protos */ = {
			isa = PBXGroup;
			children = (
				94BB5BCB2C35CDB000404028 /* gtfs-realtime.proto */,
			);
			path = Protos;
			sourceTree = "<group>";
		};
/* End PBXGroup section */

/* Begin PBXNativeTarget section */
		94ABDF7C2C29ABBD00970F8C /* CyBus */ = {
			isa = PBXNativeTarget;
			buildConfigurationList = 94ABDFA22C29ABBE00970F8C /* Build configuration list for PBXNativeTarget "CyBus" */;
			buildPhases = (
				94ABDF792C29ABBD00970F8C /* Sources */,
				94ABDF7A2C29ABBD00970F8C /* Frameworks */,
				94ABDF7B2C29ABBD00970F8C /* Resources */,
			);
			buildRules = (
			);
			dependencies = (
			);
			name = CyBus;
			packageProductDependencies = (
				94BB5BC62C35CBDF00404028 /* SwiftProtobuf */,
				949A570B2C52CAA5007457B0 /* MapboxNavigationCore */,
				949A570D2C52CAA5007457B0 /* MapboxNavigationUIKit */,
			);
			productName = CyBus;
			productReference = 94ABDF7D2C29ABBD00970F8C /* CyBus.app */;
			productType = "com.apple.product-type.application";
		};
		94ABDF8D2C29ABBD00970F8C /* CyBusTests */ = {
			isa = PBXNativeTarget;
			buildConfigurationList = 94ABDFA52C29ABBE00970F8C /* Build configuration list for PBXNativeTarget "CyBusTests" */;
			buildPhases = (
				94ABDF8A2C29ABBD00970F8C /* Sources */,
				94ABDF8B2C29ABBD00970F8C /* Frameworks */,
				94ABDF8C2C29ABBD00970F8C /* Resources */,
			);
			buildRules = (
			);
			dependencies = (
				94ABDF902C29ABBD00970F8C /* PBXTargetDependency */,
			);
			name = CyBusTests;
			productName = CyBusTests;
			productReference = 94ABDF8E2C29ABBD00970F8C /* CyBusTests.xctest */;
			productType = "com.apple.product-type.bundle.unit-test";
		};
		94ABDF972C29ABBE00970F8C /* CyBusUITests */ = {
			isa = PBXNativeTarget;
			buildConfigurationList = 94ABDFA82C29ABBE00970F8C /* Build configuration list for PBXNativeTarget "CyBusUITests" */;
			buildPhases = (
				94ABDF942C29ABBE00970F8C /* Sources */,
				94ABDF952C29ABBE00970F8C /* Frameworks */,
				94ABDF962C29ABBE00970F8C /* Resources */,
			);
			buildRules = (
			);
			dependencies = (
				94ABDF9A2C29ABBE00970F8C /* PBXTargetDependency */,
			);
			name = CyBusUITests;
			productName = CyBusUITests;
			productReference = 94ABDF982C29ABBE00970F8C /* CyBusUITests.xctest */;
			productType = "com.apple.product-type.bundle.ui-testing";
		};
/* End PBXNativeTarget section */

/* Begin PBXProject section */
		94ABDF752C29ABBD00970F8C /* Project object */ = {
			isa = PBXProject;
			attributes = {
				BuildIndependentTargetsInParallel = 1;
				LastSwiftUpdateCheck = 1540;
				LastUpgradeCheck = 1540;
				TargetAttributes = {
					94ABDF7C2C29ABBD00970F8C = {
						CreatedOnToolsVersion = 15.4;
					};
					94ABDF8D2C29ABBD00970F8C = {
						CreatedOnToolsVersion = 15.4;
						TestTargetID = 94ABDF7C2C29ABBD00970F8C;
					};
					94ABDF972C29ABBE00970F8C = {
						CreatedOnToolsVersion = 15.4;
						TestTargetID = 94ABDF7C2C29ABBD00970F8C;
					};
				};
			};
			buildConfigurationList = 94ABDF782C29ABBD00970F8C /* Build configuration list for PBXProject "CyBus" */;
			compatibilityVersion = "Xcode 14.0";
			developmentRegion = en;
			hasScannedForEncodings = 0;
			knownRegions = (
				en,
				Base,
			);
			mainGroup = 94ABDF742C29ABBD00970F8C;
			packageReferences = (
				9400C25E2C35C99500355A0F /* XCRemoteSwiftPackageReference "swift-protobuf" */,
				949765682C516669001321CA /* XCRemoteSwiftPackageReference "mapbox-navigation-ios" */,
			);
			productRefGroup = 94ABDF7E2C29ABBD00970F8C /* Products */;
			projectDirPath = "";
			projectRoot = "";
			targets = (
				94ABDF7C2C29ABBD00970F8C /* CyBus */,
				94ABDF8D2C29ABBD00970F8C /* CyBusTests */,
				94ABDF972C29ABBE00970F8C /* CyBusUITests */,
			);
		};
/* End PBXProject section */

/* Begin PBXResourcesBuildPhase section */
		94ABDF7B2C29ABBD00970F8C /* Resources */ = {
			isa = PBXResourcesBuildPhase;
			buildActionMask = 2147483647;
			files = (
				94F220942C5E85C700D776B9 /* trips.json in Resources */,
				942C53EE2C55152E00DE9BD7 /* README.md in Resources */,
				949765742C516EFE001321CA /* Config.xcconfig in Resources */,
				94F220902C5E85A600D776B9 /* trips_generator.rb in Resources */,
				94F220922C5E85B200D776B9 /* generate.sh in Resources */,
				94CC17462C4EC6AA00AC358D /* routes.json in Resources */,
				942C53EF2C55152E00DE9BD7 /* routes_generator.rb in Resources */,
				94F220992C5E886E00D776B9 /* stops_generator.rb in Resources */,
				94F2209D2C5E888200D776B9 /* stops.json in Resources */,
				949765762C516F96001321CA /* Config-Secret.xcconfig in Resources */,
				942C53F52C55208B00DE9BD7 /* shapes.json in Resources */,
				94F2209A2C5E886E00D776B9 /* stop_times_generator.rb in Resources */,
				94ABDF892C29ABBD00970F8C /* Preview Assets.xcassets in Resources */,
				94ABDF852C29ABBD00970F8C /* Assets.xcassets in Resources */,
				94F2209E2C5E888200D776B9 /* stop_times.json in Resources */,
				942C53F12C55201900DE9BD7 /* shapes_generator.rb in Resources */,
			);
			runOnlyForDeploymentPostprocessing = 0;
		};
		94ABDF8C2C29ABBD00970F8C /* Resources */ = {
			isa = PBXResourcesBuildPhase;
			buildActionMask = 2147483647;
			files = (
			);
			runOnlyForDeploymentPostprocessing = 0;
		};
		94ABDF962C29ABBE00970F8C /* Resources */ = {
			isa = PBXResourcesBuildPhase;
			buildActionMask = 2147483647;
			files = (
			);
			runOnlyForDeploymentPostprocessing = 0;
		};
/* End PBXResourcesBuildPhase section */

/* Begin PBXSourcesBuildPhase section */
		94ABDF792C29ABBD00970F8C /* Sources */ = {
			isa = PBXSourcesBuildPhase;
			buildActionMask = 2147483647;
			files = (
				94CC17482C4ECF7C00AC358D /* BusMarkerView.swift in Sources */,
				94891BDE2C3B016C008AFC53 /* MapLocation.swift in Sources */,
				94F2208E2C5E7E5000D776B9 /* ZoomButton.swift in Sources */,
				9449C9D62C6E01C6009E98F3 /* StopTimesRepository.swift in Sources */,
				9449C9D02C6DFBBA009E98F3 /* Shape.swift in Sources */,
				94891BC82C3AF77A008AFC53 /* gtfs-realtime.pb.swift in Sources */,
				94891BDC2C3AFCF6008AFC53 /* TransitAPIClient.swift in Sources */,
				947633D52C6E0747000F20C7 /* Stop.swift in Sources */,
				9449C9D52C6E01C6009E98F3 /* StopsRepository.swift in Sources */,
				94891BD92C3AFC20008AFC53 /* MapViewModel.swift in Sources */,
				942C53F72C55217400DE9BD7 /* Route.swift in Sources */,
				94F2208C2C5E704100D776B9 /* LocationButton.swift in Sources */,
				9449C9DA2C6E0223009E98F3 /* TripsRepository.swift in Sources */,
				947633D72C6E079A000F20C7 /* StopTime.swift in Sources */,
				942C53F92C5521AF00DE9BD7 /* ShapesRepository.swift in Sources */,
				9449C9D82C6E01CE009E98F3 /* Trip.swift in Sources */,
				94F2208A2C5E701F00D776B9 /* ClearRouteButton.swift in Sources */,
				94891BD72C3AFBCF008AFC53 /* MapView.swift in Sources */,
				9449C9D22C6DFCD4009E98F3 /* BusRoute.swift in Sources */,
				94ABDF812C29ABBD00970F8C /* CyBusApp.swift in Sources */,
				94891BE02C3B017B008AFC53 /* Bus.swift in Sources */,
			);
			runOnlyForDeploymentPostprocessing = 0;
		};
		94ABDF8A2C29ABBD00970F8C /* Sources */ = {
			isa = PBXSourcesBuildPhase;
			buildActionMask = 2147483647;
			files = (
				94ABDF932C29ABBD00970F8C /* CyBusTests.swift in Sources */,
			);
			runOnlyForDeploymentPostprocessing = 0;
		};
		94ABDF942C29ABBE00970F8C /* Sources */ = {
			isa = PBXSourcesBuildPhase;
			buildActionMask = 2147483647;
			files = (
				94ABDF9D2C29ABBE00970F8C /* CyBusUITests.swift in Sources */,
				94ABDF9F2C29ABBE00970F8C /* CyBusUITestsLaunchTests.swift in Sources */,
			);
			runOnlyForDeploymentPostprocessing = 0;
		};
/* End PBXSourcesBuildPhase section */

/* Begin PBXTargetDependency section */
		94ABDF902C29ABBD00970F8C /* PBXTargetDependency */ = {
			isa = PBXTargetDependency;
			target = 94ABDF7C2C29ABBD00970F8C /* CyBus */;
			targetProxy = 94ABDF8F2C29ABBD00970F8C /* PBXContainerItemProxy */;
		};
		94ABDF9A2C29ABBE00970F8C /* PBXTargetDependency */ = {
			isa = PBXTargetDependency;
			target = 94ABDF7C2C29ABBD00970F8C /* CyBus */;
			targetProxy = 94ABDF992C29ABBE00970F8C /* PBXContainerItemProxy */;
		};
/* End PBXTargetDependency section */

/* Begin XCBuildConfiguration section */
		94ABDFA02C29ABBE00970F8C /* Debug */ = {
			isa = XCBuildConfiguration;
			baseConfigurationReference = 949765732C516EFE001321CA /* Config.xcconfig */;
			buildSettings = {
				ALWAYS_SEARCH_USER_PATHS = NO;
				ASSETCATALOG_COMPILER_GENERATE_SWIFT_ASSET_SYMBOL_EXTENSIONS = YES;
				CLANG_ANALYZER_NONNULL = YES;
				CLANG_ANALYZER_NUMBER_OBJECT_CONVERSION = YES_AGGRESSIVE;
				CLANG_CXX_LANGUAGE_STANDARD = "gnu++20";
				CLANG_ENABLE_MODULES = YES;
				CLANG_ENABLE_OBJC_ARC = YES;
				CLANG_ENABLE_OBJC_WEAK = YES;
				CLANG_WARN_BLOCK_CAPTURE_AUTORELEASING = YES;
				CLANG_WARN_BOOL_CONVERSION = YES;
				CLANG_WARN_COMMA = YES;
				CLANG_WARN_CONSTANT_CONVERSION = YES;
				CLANG_WARN_DEPRECATED_OBJC_IMPLEMENTATIONS = YES;
				CLANG_WARN_DIRECT_OBJC_ISA_USAGE = YES_ERROR;
				CLANG_WARN_DOCUMENTATION_COMMENTS = YES;
				CLANG_WARN_EMPTY_BODY = YES;
				CLANG_WARN_ENUM_CONVERSION = YES;
				CLANG_WARN_INFINITE_RECURSION = YES;
				CLANG_WARN_INT_CONVERSION = YES;
				CLANG_WARN_NON_LITERAL_NULL_CONVERSION = YES;
				CLANG_WARN_OBJC_IMPLICIT_RETAIN_SELF = YES;
				CLANG_WARN_OBJC_LITERAL_CONVERSION = YES;
				CLANG_WARN_OBJC_ROOT_CLASS = YES_ERROR;
				CLANG_WARN_QUOTED_INCLUDE_IN_FRAMEWORK_HEADER = YES;
				CLANG_WARN_RANGE_LOOP_ANALYSIS = YES;
				CLANG_WARN_STRICT_PROTOTYPES = YES;
				CLANG_WARN_SUSPICIOUS_MOVE = YES;
				CLANG_WARN_UNGUARDED_AVAILABILITY = YES_AGGRESSIVE;
				CLANG_WARN_UNREACHABLE_CODE = YES;
				CLANG_WARN__DUPLICATE_METHOD_MATCH = YES;
				COPY_PHASE_STRIP = NO;
				DEBUG_INFORMATION_FORMAT = dwarf;
				ENABLE_STRICT_OBJC_MSGSEND = YES;
				ENABLE_TESTABILITY = YES;
				ENABLE_USER_SCRIPT_SANDBOXING = YES;
				GCC_C_LANGUAGE_STANDARD = gnu17;
				GCC_DYNAMIC_NO_PIC = NO;
				GCC_NO_COMMON_BLOCKS = YES;
				GCC_OPTIMIZATION_LEVEL = 0;
				GCC_PREPROCESSOR_DEFINITIONS = (
					"DEBUG=1",
					"$(inherited)",
				);
				GCC_WARN_64_TO_32_BIT_CONVERSION = YES;
				GCC_WARN_ABOUT_RETURN_TYPE = YES_ERROR;
				GCC_WARN_UNDECLARED_SELECTOR = YES;
				GCC_WARN_UNINITIALIZED_AUTOS = YES_AGGRESSIVE;
				GCC_WARN_UNUSED_FUNCTION = YES;
				GCC_WARN_UNUSED_VARIABLE = YES;
				LOCALIZATION_PREFERS_STRING_CATALOGS = YES;
				MTL_ENABLE_DEBUG_INFO = INCLUDE_SOURCE;
				MTL_FAST_MATH = YES;
				ONLY_ACTIVE_ARCH = YES;
				SWIFT_ACTIVE_COMPILATION_CONDITIONS = "DEBUG $(inherited)";
				SWIFT_OPTIMIZATION_LEVEL = "-Onone";
			};
			name = Debug;
		};
		94ABDFA12C29ABBE00970F8C /* Release */ = {
			isa = XCBuildConfiguration;
			baseConfigurationReference = 949765732C516EFE001321CA /* Config.xcconfig */;
			buildSettings = {
				ALWAYS_SEARCH_USER_PATHS = NO;
				ASSETCATALOG_COMPILER_GENERATE_SWIFT_ASSET_SYMBOL_EXTENSIONS = YES;
				CLANG_ANALYZER_NONNULL = YES;
				CLANG_ANALYZER_NUMBER_OBJECT_CONVERSION = YES_AGGRESSIVE;
				CLANG_CXX_LANGUAGE_STANDARD = "gnu++20";
				CLANG_ENABLE_MODULES = YES;
				CLANG_ENABLE_OBJC_ARC = YES;
				CLANG_ENABLE_OBJC_WEAK = YES;
				CLANG_WARN_BLOCK_CAPTURE_AUTORELEASING = YES;
				CLANG_WARN_BOOL_CONVERSION = YES;
				CLANG_WARN_COMMA = YES;
				CLANG_WARN_CONSTANT_CONVERSION = YES;
				CLANG_WARN_DEPRECATED_OBJC_IMPLEMENTATIONS = YES;
				CLANG_WARN_DIRECT_OBJC_ISA_USAGE = YES_ERROR;
				CLANG_WARN_DOCUMENTATION_COMMENTS = YES;
				CLANG_WARN_EMPTY_BODY = YES;
				CLANG_WARN_ENUM_CONVERSION = YES;
				CLANG_WARN_INFINITE_RECURSION = YES;
				CLANG_WARN_INT_CONVERSION = YES;
				CLANG_WARN_NON_LITERAL_NULL_CONVERSION = YES;
				CLANG_WARN_OBJC_IMPLICIT_RETAIN_SELF = YES;
				CLANG_WARN_OBJC_LITERAL_CONVERSION = YES;
				CLANG_WARN_OBJC_ROOT_CLASS = YES_ERROR;
				CLANG_WARN_QUOTED_INCLUDE_IN_FRAMEWORK_HEADER = YES;
				CLANG_WARN_RANGE_LOOP_ANALYSIS = YES;
				CLANG_WARN_STRICT_PROTOTYPES = YES;
				CLANG_WARN_SUSPICIOUS_MOVE = YES;
				CLANG_WARN_UNGUARDED_AVAILABILITY = YES_AGGRESSIVE;
				CLANG_WARN_UNREACHABLE_CODE = YES;
				CLANG_WARN__DUPLICATE_METHOD_MATCH = YES;
				COPY_PHASE_STRIP = NO;
				DEBUG_INFORMATION_FORMAT = "dwarf-with-dsym";
				ENABLE_NS_ASSERTIONS = NO;
				ENABLE_STRICT_OBJC_MSGSEND = YES;
				ENABLE_USER_SCRIPT_SANDBOXING = YES;
				GCC_C_LANGUAGE_STANDARD = gnu17;
				GCC_NO_COMMON_BLOCKS = YES;
				GCC_WARN_64_TO_32_BIT_CONVERSION = YES;
				GCC_WARN_ABOUT_RETURN_TYPE = YES_ERROR;
				GCC_WARN_UNDECLARED_SELECTOR = YES;
				GCC_WARN_UNINITIALIZED_AUTOS = YES_AGGRESSIVE;
				GCC_WARN_UNUSED_FUNCTION = YES;
				GCC_WARN_UNUSED_VARIABLE = YES;
				LOCALIZATION_PREFERS_STRING_CATALOGS = YES;
				MTL_ENABLE_DEBUG_INFO = NO;
				MTL_FAST_MATH = YES;
				SWIFT_COMPILATION_MODE = wholemodule;
			};
			name = Release;
		};
		94ABDFA32C29ABBE00970F8C /* Debug */ = {
			isa = XCBuildConfiguration;
			baseConfigurationReference = 949765732C516EFE001321CA /* Config.xcconfig */;
			buildSettings = {
				ASSETCATALOG_COMPILER_APPICON_NAME = AppIcon;
				ASSETCATALOG_COMPILER_GLOBAL_ACCENT_COLOR_NAME = AccentColor;
				CODE_SIGN_ENTITLEMENTS = CyBus/CyBus.entitlements;
				CODE_SIGN_STYLE = Automatic;
				CURRENT_PROJECT_VERSION = 1;
				DEVELOPMENT_ASSET_PATHS = "\"CyBus/Preview Content\"";
				ENABLE_PREVIEWS = YES;
				GENERATE_INFOPLIST_FILE = YES;
				INFOPLIST_FILE = CyBus/Info.plist;
				INFOPLIST_KEY_LSApplicationCategoryType = "public.app-category.navigation";
				"INFOPLIST_KEY_UIApplicationSceneManifest_Generation[sdk=iphoneos*]" = YES;
				"INFOPLIST_KEY_UIApplicationSceneManifest_Generation[sdk=iphonesimulator*]" = YES;
				"INFOPLIST_KEY_UIApplicationSupportsIndirectInputEvents[sdk=iphoneos*]" = YES;
				"INFOPLIST_KEY_UIApplicationSupportsIndirectInputEvents[sdk=iphonesimulator*]" = YES;
				"INFOPLIST_KEY_UILaunchScreen_Generation[sdk=iphoneos*]" = YES;
				"INFOPLIST_KEY_UILaunchScreen_Generation[sdk=iphonesimulator*]" = YES;
				"INFOPLIST_KEY_UIStatusBarStyle[sdk=iphoneos*]" = UIStatusBarStyleDefault;
				"INFOPLIST_KEY_UIStatusBarStyle[sdk=iphonesimulator*]" = UIStatusBarStyleDefault;
				INFOPLIST_KEY_UISupportedInterfaceOrientations_iPad = "UIInterfaceOrientationPortrait UIInterfaceOrientationPortraitUpsideDown UIInterfaceOrientationLandscapeLeft UIInterfaceOrientationLandscapeRight";
				INFOPLIST_KEY_UISupportedInterfaceOrientations_iPhone = "UIInterfaceOrientationPortrait UIInterfaceOrientationLandscapeLeft UIInterfaceOrientationLandscapeRight";
				IPHONEOS_DEPLOYMENT_TARGET = 17.5;
				LD_RUNPATH_SEARCH_PATHS = "@executable_path/Frameworks";
				"LD_RUNPATH_SEARCH_PATHS[sdk=macosx*]" = "@executable_path/../Frameworks";
				MACOSX_DEPLOYMENT_TARGET = 14.1;
				MARKETING_VERSION = 1.0;
				PRODUCT_BUNDLE_IDENTIFIER = open.community.CyBus;
				PRODUCT_NAME = "$(TARGET_NAME)";
				SDKROOT = auto;
				SUPPORTED_PLATFORMS = "iphoneos iphonesimulator macosx";
				SWIFT_EMIT_LOC_STRINGS = YES;
				SWIFT_VERSION = 5.0;
				TARGETED_DEVICE_FAMILY = "1,2";
			};
			name = Debug;
		};
		94ABDFA42C29ABBE00970F8C /* Release */ = {
			isa = XCBuildConfiguration;
			baseConfigurationReference = 949765732C516EFE001321CA /* Config.xcconfig */;
			buildSettings = {
				ASSETCATALOG_COMPILER_APPICON_NAME = AppIcon;
				ASSETCATALOG_COMPILER_GLOBAL_ACCENT_COLOR_NAME = AccentColor;
				CODE_SIGN_ENTITLEMENTS = CyBus/CyBus.entitlements;
				CODE_SIGN_STYLE = Automatic;
				CURRENT_PROJECT_VERSION = 1;
				DEVELOPMENT_ASSET_PATHS = "\"CyBus/Preview Content\"";
				ENABLE_PREVIEWS = YES;
				GENERATE_INFOPLIST_FILE = YES;
				INFOPLIST_FILE = CyBus/Info.plist;
				INFOPLIST_KEY_LSApplicationCategoryType = "public.app-category.navigation";
				"INFOPLIST_KEY_UIApplicationSceneManifest_Generation[sdk=iphoneos*]" = YES;
				"INFOPLIST_KEY_UIApplicationSceneManifest_Generation[sdk=iphonesimulator*]" = YES;
				"INFOPLIST_KEY_UIApplicationSupportsIndirectInputEvents[sdk=iphoneos*]" = YES;
				"INFOPLIST_KEY_UIApplicationSupportsIndirectInputEvents[sdk=iphonesimulator*]" = YES;
				"INFOPLIST_KEY_UILaunchScreen_Generation[sdk=iphoneos*]" = YES;
				"INFOPLIST_KEY_UILaunchScreen_Generation[sdk=iphonesimulator*]" = YES;
				"INFOPLIST_KEY_UIStatusBarStyle[sdk=iphoneos*]" = UIStatusBarStyleDefault;
				"INFOPLIST_KEY_UIStatusBarStyle[sdk=iphonesimulator*]" = UIStatusBarStyleDefault;
				INFOPLIST_KEY_UISupportedInterfaceOrientations_iPad = "UIInterfaceOrientationPortrait UIInterfaceOrientationPortraitUpsideDown UIInterfaceOrientationLandscapeLeft UIInterfaceOrientationLandscapeRight";
				INFOPLIST_KEY_UISupportedInterfaceOrientations_iPhone = "UIInterfaceOrientationPortrait UIInterfaceOrientationLandscapeLeft UIInterfaceOrientationLandscapeRight";
				IPHONEOS_DEPLOYMENT_TARGET = 17.5;
				LD_RUNPATH_SEARCH_PATHS = "@executable_path/Frameworks";
				"LD_RUNPATH_SEARCH_PATHS[sdk=macosx*]" = "@executable_path/../Frameworks";
				MACOSX_DEPLOYMENT_TARGET = 14.1;
				MARKETING_VERSION = 1.0;
				PRODUCT_BUNDLE_IDENTIFIER = open.community.CyBus;
				PRODUCT_NAME = "$(TARGET_NAME)";
				SDKROOT = auto;
				SUPPORTED_PLATFORMS = "iphoneos iphonesimulator macosx";
				SWIFT_EMIT_LOC_STRINGS = YES;
				SWIFT_VERSION = 5.0;
				TARGETED_DEVICE_FAMILY = "1,2";
			};
			name = Release;
		};
		94ABDFA62C29ABBE00970F8C /* Debug */ = {
			isa = XCBuildConfiguration;
			baseConfigurationReference = 949765732C516EFE001321CA /* Config.xcconfig */;
			buildSettings = {
				ALWAYS_EMBED_SWIFT_STANDARD_LIBRARIES = YES;
				BUNDLE_LOADER = "$(TEST_HOST)";
				CODE_SIGN_STYLE = Automatic;
				CURRENT_PROJECT_VERSION = 1;
				GENERATE_INFOPLIST_FILE = YES;
				IPHONEOS_DEPLOYMENT_TARGET = 17.5;
				MACOSX_DEPLOYMENT_TARGET = 14.1;
				MARKETING_VERSION = 1.0;
				PRODUCT_BUNDLE_IDENTIFIER = open.community.CyBusTests;
				PRODUCT_NAME = "$(TARGET_NAME)";
				SDKROOT = auto;
				SUPPORTED_PLATFORMS = "iphoneos iphonesimulator macosx";
				SWIFT_EMIT_LOC_STRINGS = NO;
				SWIFT_VERSION = 5.0;
				TARGETED_DEVICE_FAMILY = "1,2";
				TEST_HOST = "$(BUILT_PRODUCTS_DIR)/CyBus.app/$(BUNDLE_EXECUTABLE_FOLDER_PATH)/CyBus";
			};
			name = Debug;
		};
		94ABDFA72C29ABBE00970F8C /* Release */ = {
			isa = XCBuildConfiguration;
			baseConfigurationReference = 949765732C516EFE001321CA /* Config.xcconfig */;
			buildSettings = {
				ALWAYS_EMBED_SWIFT_STANDARD_LIBRARIES = YES;
				BUNDLE_LOADER = "$(TEST_HOST)";
				CODE_SIGN_STYLE = Automatic;
				CURRENT_PROJECT_VERSION = 1;
				GENERATE_INFOPLIST_FILE = YES;
				IPHONEOS_DEPLOYMENT_TARGET = 17.5;
				MACOSX_DEPLOYMENT_TARGET = 14.1;
				MARKETING_VERSION = 1.0;
				PRODUCT_BUNDLE_IDENTIFIER = open.community.CyBusTests;
				PRODUCT_NAME = "$(TARGET_NAME)";
				SDKROOT = auto;
				SUPPORTED_PLATFORMS = "iphoneos iphonesimulator macosx";
				SWIFT_EMIT_LOC_STRINGS = NO;
				SWIFT_VERSION = 5.0;
				TARGETED_DEVICE_FAMILY = "1,2";
				TEST_HOST = "$(BUILT_PRODUCTS_DIR)/CyBus.app/$(BUNDLE_EXECUTABLE_FOLDER_PATH)/CyBus";
			};
			name = Release;
		};
		94ABDFA92C29ABBE00970F8C /* Debug */ = {
			isa = XCBuildConfiguration;
			baseConfigurationReference = 949765732C516EFE001321CA /* Config.xcconfig */;
			buildSettings = {
				ALWAYS_EMBED_SWIFT_STANDARD_LIBRARIES = YES;
				CODE_SIGN_STYLE = Automatic;
				CURRENT_PROJECT_VERSION = 1;
				GENERATE_INFOPLIST_FILE = YES;
				IPHONEOS_DEPLOYMENT_TARGET = 17.5;
				MACOSX_DEPLOYMENT_TARGET = 14.1;
				MARKETING_VERSION = 1.0;
				PRODUCT_BUNDLE_IDENTIFIER = open.community.CyBusUITests;
				PRODUCT_NAME = "$(TARGET_NAME)";
				SDKROOT = auto;
				SUPPORTED_PLATFORMS = "iphoneos iphonesimulator macosx";
				SWIFT_EMIT_LOC_STRINGS = NO;
				SWIFT_VERSION = 5.0;
				TARGETED_DEVICE_FAMILY = "1,2";
				TEST_TARGET_NAME = CyBus;
			};
			name = Debug;
		};
		94ABDFAA2C29ABBE00970F8C /* Release */ = {
			isa = XCBuildConfiguration;
			baseConfigurationReference = 949765732C516EFE001321CA /* Config.xcconfig */;
			buildSettings = {
				ALWAYS_EMBED_SWIFT_STANDARD_LIBRARIES = YES;
				CODE_SIGN_STYLE = Automatic;
				CURRENT_PROJECT_VERSION = 1;
				GENERATE_INFOPLIST_FILE = YES;
				IPHONEOS_DEPLOYMENT_TARGET = 17.5;
				MACOSX_DEPLOYMENT_TARGET = 14.1;
				MARKETING_VERSION = 1.0;
				PRODUCT_BUNDLE_IDENTIFIER = open.community.CyBusUITests;
				PRODUCT_NAME = "$(TARGET_NAME)";
				SDKROOT = auto;
				SUPPORTED_PLATFORMS = "iphoneos iphonesimulator macosx";
				SWIFT_EMIT_LOC_STRINGS = NO;
				SWIFT_VERSION = 5.0;
				TARGETED_DEVICE_FAMILY = "1,2";
				TEST_TARGET_NAME = CyBus;
			};
			name = Release;
		};
/* End XCBuildConfiguration section */

/* Begin XCConfigurationList section */
		94ABDF782C29ABBD00970F8C /* Build configuration list for PBXProject "CyBus" */ = {
			isa = XCConfigurationList;
			buildConfigurations = (
				94ABDFA02C29ABBE00970F8C /* Debug */,
				94ABDFA12C29ABBE00970F8C /* Release */,
			);
			defaultConfigurationIsVisible = 0;
			defaultConfigurationName = Release;
		};
		94ABDFA22C29ABBE00970F8C /* Build configuration list for PBXNativeTarget "CyBus" */ = {
			isa = XCConfigurationList;
			buildConfigurations = (
				94ABDFA32C29ABBE00970F8C /* Debug */,
				94ABDFA42C29ABBE00970F8C /* Release */,
			);
			defaultConfigurationIsVisible = 0;
			defaultConfigurationName = Release;
		};
		94ABDFA52C29ABBE00970F8C /* Build configuration list for PBXNativeTarget "CyBusTests" */ = {
			isa = XCConfigurationList;
			buildConfigurations = (
				94ABDFA62C29ABBE00970F8C /* Debug */,
				94ABDFA72C29ABBE00970F8C /* Release */,
			);
			defaultConfigurationIsVisible = 0;
			defaultConfigurationName = Release;
		};
		94ABDFA82C29ABBE00970F8C /* Build configuration list for PBXNativeTarget "CyBusUITests" */ = {
			isa = XCConfigurationList;
			buildConfigurations = (
				94ABDFA92C29ABBE00970F8C /* Debug */,
				94ABDFAA2C29ABBE00970F8C /* Release */,
			);
			defaultConfigurationIsVisible = 0;
			defaultConfigurationName = Release;
		};
/* End XCConfigurationList section */

/* Begin XCRemoteSwiftPackageReference section */
		9400C25E2C35C99500355A0F /* XCRemoteSwiftPackageReference "swift-protobuf" */ = {
			isa = XCRemoteSwiftPackageReference;
			repositoryURL = "https://github.com/apple/swift-protobuf.git";
			requirement = {
				kind = upToNextMajorVersion;
				minimumVersion = 1.26.0;
			};
		};
		949765682C516669001321CA /* XCRemoteSwiftPackageReference "mapbox-navigation-ios" */ = {
			isa = XCRemoteSwiftPackageReference;
			repositoryURL = "https://github.com/mapbox/mapbox-navigation-ios.git";
			requirement = {
				kind = upToNextMajorVersion;
				minimumVersion = 3.2.0;
			};
		};
/* End XCRemoteSwiftPackageReference section */

/* Begin XCSwiftPackageProductDependency section */
		949A570B2C52CAA5007457B0 /* MapboxNavigationCore */ = {
			isa = XCSwiftPackageProductDependency;
			package = 949765682C516669001321CA /* XCRemoteSwiftPackageReference "mapbox-navigation-ios" */;
			productName = MapboxNavigationCore;
		};
		949A570D2C52CAA5007457B0 /* MapboxNavigationUIKit */ = {
			isa = XCSwiftPackageProductDependency;
			package = 949765682C516669001321CA /* XCRemoteSwiftPackageReference "mapbox-navigation-ios" */;
			productName = MapboxNavigationUIKit;
		};
		94BB5BC62C35CBDF00404028 /* SwiftProtobuf */ = {
			isa = XCSwiftPackageProductDependency;
			package = 9400C25E2C35C99500355A0F /* XCRemoteSwiftPackageReference "swift-protobuf" */;
			productName = SwiftProtobuf;
		};
/* End XCSwiftPackageProductDependency section */
	};
	rootObject = 94ABDF752C29ABBD00970F8C /* Project object */;
}
