// !$*UTF8*$!
{
	archiveVersion = 1;
	classes = {
	};
	objectVersion = 56;
	objects = {

/* Begin PBXBuildFile section */
		942C53EE2C55152E00DE9BD7 /* README.md in Resources */ = {isa = PBXBuildFile; fileRef = 942C53EC2C55152E00DE9BD7 /* README.md */; };
		942C53EF2C55152E00DE9BD7 /* routes_generator.rb in Resources */ = {isa = PBXBuildFile; fileRef = 942C53ED2C55152E00DE9BD7 /* routes_generator.rb */; };
		942C53F12C55201900DE9BD7 /* shapes_generator.rb in Resources */ = {isa = PBXBuildFile; fileRef = 942C53F02C55201900DE9BD7 /* shapes_generator.rb */; };
		942C53F52C55208B00DE9BD7 /* shapes.json in Resources */ = {isa = PBXBuildFile; fileRef = 942C53F42C55208B00DE9BD7 /* shapes.json */; };
		942C53F72C55217400DE9BD7 /* RouteDTO.swift in Sources */ = {isa = PBXBuildFile; fileRef = 942C53F62C55217400DE9BD7 /* RouteDTO.swift */; };
		943910602CAF201E00B644A9 /* LocationUseCases.swift in Sources */ = {isa = PBXBuildFile; fileRef = 9439105F2CAF201300B644A9 /* LocationUseCases.swift */; };
		943910622CAF202600B644A9 /* LocationUseCasesProtocol.swift in Sources */ = {isa = PBXBuildFile; fileRef = 943910612CAF202100B644A9 /* LocationUseCasesProtocol.swift */; };
		943A86112CB04574007AFF00 /* LocationViewModel.swift in Sources */ = {isa = PBXBuildFile; fileRef = 943A86102CB0456D007AFF00 /* LocationViewModel.swift */; };
		943A86132CB04588007AFF00 /* CameraViewModel.swift in Sources */ = {isa = PBXBuildFile; fileRef = 943A86122CB04584007AFF00 /* CameraViewModel.swift */; };
		9449C9D02C6DFBBA009E98F3 /* ShapeDTO.swift in Sources */ = {isa = PBXBuildFile; fileRef = 9449C9CF2C6DFBBA009E98F3 /* ShapeDTO.swift */; };
		9449C9D82C6E01CE009E98F3 /* TripDTO.swift in Sources */ = {isa = PBXBuildFile; fileRef = 9449C9D72C6E01CE009E98F3 /* TripDTO.swift */; };
		947633D52C6E0747000F20C7 /* StopDTO.swift in Sources */ = {isa = PBXBuildFile; fileRef = 947633D42C6E0747000F20C7 /* StopDTO.swift */; };
		947633D72C6E079A000F20C7 /* StopTimeDTO.swift in Sources */ = {isa = PBXBuildFile; fileRef = 947633D62C6E0799000F20C7 /* StopTimeDTO.swift */; };
		94891BC82C3AF77A008AFC53 /* gtfs-realtime.pb.swift in Sources */ = {isa = PBXBuildFile; fileRef = 94891BC72C3AF77A008AFC53 /* gtfs-realtime.pb.swift */; };
		94891BD72C3AFBCF008AFC53 /* MapView.swift in Sources */ = {isa = PBXBuildFile; fileRef = 94891BD62C3AFBCF008AFC53 /* MapView.swift */; };
		94891BD92C3AFC20008AFC53 /* MapViewModel.swift in Sources */ = {isa = PBXBuildFile; fileRef = 94891BD82C3AFC20008AFC53 /* MapViewModel.swift */; };
		94891BE02C3B017B008AFC53 /* BusEntity.swift in Sources */ = {isa = PBXBuildFile; fileRef = 94891BDF2C3B017B008AFC53 /* BusEntity.swift */; };
		949765742C516EFE001321CA /* Config.xcconfig in Resources */ = {isa = PBXBuildFile; fileRef = 949765732C516EFE001321CA /* Config.xcconfig */; };
		94ABDF812C29ABBD00970F8C /* CyBusApp.swift in Sources */ = {isa = PBXBuildFile; fileRef = 94ABDF802C29ABBD00970F8C /* CyBusApp.swift */; };
		94ABDF852C29ABBD00970F8C /* Assets.xcassets in Resources */ = {isa = PBXBuildFile; fileRef = 94ABDF842C29ABBD00970F8C /* Assets.xcassets */; };
		94ABDF892C29ABBD00970F8C /* Preview Assets.xcassets in Resources */ = {isa = PBXBuildFile; fileRef = 94ABDF882C29ABBD00970F8C /* Preview Assets.xcassets */; };
		94ABDF932C29ABBD00970F8C /* CyBusTests.swift in Sources */ = {isa = PBXBuildFile; fileRef = 94ABDF922C29ABBD00970F8C /* CyBusTests.swift */; };
		94ABDF9D2C29ABBE00970F8C /* CyBusUITests.swift in Sources */ = {isa = PBXBuildFile; fileRef = 94ABDF9C2C29ABBE00970F8C /* CyBusUITests.swift */; };
		94ABDF9F2C29ABBE00970F8C /* CyBusUITestsLaunchTests.swift in Sources */ = {isa = PBXBuildFile; fileRef = 94ABDF9E2C29ABBE00970F8C /* CyBusUITestsLaunchTests.swift */; };
		94AF0D9F2C7799F0002FE41B /* RoutesRepositoryProtocol.swift in Sources */ = {isa = PBXBuildFile; fileRef = 94AF0D9E2C7799F0002FE41B /* RoutesRepositoryProtocol.swift */; };
		94AF0DA12C7799FE002FE41B /* BusesRepositoryProtocol.swift in Sources */ = {isa = PBXBuildFile; fileRef = 94AF0DA02C7799FE002FE41B /* BusesRepositoryProtocol.swift */; };
		94AF0DA32C779A8C002FE41B /* BusesUseCasesProtocol.swift in Sources */ = {isa = PBXBuildFile; fileRef = 94AF0DA22C779A8C002FE41B /* BusesUseCasesProtocol.swift */; };
		94AF0DA52C779ADC002FE41B /* BusesUseCases.swift in Sources */ = {isa = PBXBuildFile; fileRef = 94AF0DA42C779ADC002FE41B /* BusesUseCases.swift */; };
		94AF0DAA2C77A6A8002FE41B /* RoutesRepository.swift in Sources */ = {isa = PBXBuildFile; fileRef = 94AF0DA92C77A6A8002FE41B /* RoutesRepository.swift */; };
		94AF0DAF2C77B0AB002FE41B /* BusesRepository.swift in Sources */ = {isa = PBXBuildFile; fileRef = 94AF0DAE2C77B0AB002FE41B /* BusesRepository.swift */; };
		94AF0DC22C79FAE7002FE41B /* RoutesUseCases.swift in Sources */ = {isa = PBXBuildFile; fileRef = 94AF0DC12C79FAE7002FE41B /* RoutesUseCases.swift */; };
		94AF0DC42C7CF2E5002FE41B /* RoutesUseCasesProtocol.swift in Sources */ = {isa = PBXBuildFile; fileRef = 94AF0DC32C7CF2E5002FE41B /* RoutesUseCasesProtocol.swift */; };
		94AF0DC62C7CF956002FE41B /* BusRouteEntity.swift in Sources */ = {isa = PBXBuildFile; fileRef = 94AF0DC52C7CF956002FE41B /* BusRouteEntity.swift */; };
		94AF24B02CBC0BD60092EE9B /* MapboxMaps in Frameworks */ = {isa = PBXBuildFile; productRef = 94AF24AF2CBC0BD60092EE9B /* MapboxMaps */; };
		94AF24BC2CBC1B840092EE9B /* Theme.swift in Sources */ = {isa = PBXBuildFile; fileRef = 94AF24BB2CBC1B800092EE9B /* Theme.swift */; };
		94AF24BF2CBC1C3E0092EE9B /* ThemeModeRepositoryProtocol.swift in Sources */ = {isa = PBXBuildFile; fileRef = 94AF24BE2CBC1C2F0092EE9B /* ThemeModeRepositoryProtocol.swift */; };
		94AF24C12CBC1C870092EE9B /* LocalThemeModeRepository.swift in Sources */ = {isa = PBXBuildFile; fileRef = 94AF24C02CBC1C6B0092EE9B /* LocalThemeModeRepository.swift */; };
		94AF24C42CBC1DC40092EE9B /* ThemeModeUseCasesProtocol.swift in Sources */ = {isa = PBXBuildFile; fileRef = 94AF24C32CBC1DBD0092EE9B /* ThemeModeUseCasesProtocol.swift */; };
		94AF24C62CBC1DF80092EE9B /* ThemeModeUseCases.swift in Sources */ = {isa = PBXBuildFile; fileRef = 94AF24C52CBC1DF10092EE9B /* ThemeModeUseCases.swift */; };
		94AF24C82CBC21280092EE9B /* ColorPalette.swift in Sources */ = {isa = PBXBuildFile; fileRef = 94AF24C72CBC21210092EE9B /* ColorPalette.swift */; };
		94AF24CB2CBC28340092EE9B /* Typography.swift in Sources */ = {isa = PBXBuildFile; fileRef = 94AF24CA2CBC282B0092EE9B /* Typography.swift */; };
		94AF24D02CBC33010092EE9B /* PrimaryButton.swift in Sources */ = {isa = PBXBuildFile; fileRef = 94AF24CF2CBC32FE0092EE9B /* PrimaryButton.swift */; };
		94AF24D22CBC33070092EE9B /* SecondaryButton.swift in Sources */ = {isa = PBXBuildFile; fileRef = 94AF24D12CBC33040092EE9B /* SecondaryButton.swift */; };
		94BB5BC72C35CBDF00404028 /* SwiftProtobuf in Frameworks */ = {isa = PBXBuildFile; productRef = 94BB5BC62C35CBDF00404028 /* SwiftProtobuf */; };
		94C7454B2C6E390300390B36 /* Config-Secret.xcconfig in Resources */ = {isa = PBXBuildFile; fileRef = 94C7454A2C6E390300390B36 /* Config-Secret.xcconfig */; };
		94C998652C88CFA8000F0E64 /* MapUseCasesProtocol.swift in Sources */ = {isa = PBXBuildFile; fileRef = 94C998642C88CFA8000F0E64 /* MapUseCasesProtocol.swift */; };
		94C998672C88D28C000F0E64 /* MapUseCases.swift in Sources */ = {isa = PBXBuildFile; fileRef = 94C998662C88D28C000F0E64 /* MapUseCases.swift */; };
		94C998692C88DCAB000F0E64 /* StopCircle.swift in Sources */ = {isa = PBXBuildFile; fileRef = 94C998682C88DCAB000F0E64 /* StopCircle.swift */; };
		94CC17462C4EC6AA00AC358D /* routes.json in Resources */ = {isa = PBXBuildFile; fileRef = 94CC17452C4EC6AA00AC358D /* routes.json */; };
		94CC17482C4ECF7C00AC358D /* Bus.swift in Sources */ = {isa = PBXBuildFile; fileRef = 94CC17472C4ECF7C00AC358D /* Bus.swift */; };
		94F2208A2C5E701F00D776B9 /* ClearRouteButton.swift in Sources */ = {isa = PBXBuildFile; fileRef = 94F220892C5E701F00D776B9 /* ClearRouteButton.swift */; };
		94F2208C2C5E704100D776B9 /* LocationButton.swift in Sources */ = {isa = PBXBuildFile; fileRef = 94F2208B2C5E704100D776B9 /* LocationButton.swift */; };
		94F2208E2C5E7E5000D776B9 /* ZoomButton.swift in Sources */ = {isa = PBXBuildFile; fileRef = 94F2208D2C5E7E5000D776B9 /* ZoomButton.swift */; };
		94F220902C5E85A600D776B9 /* trips_generator.rb in Resources */ = {isa = PBXBuildFile; fileRef = 94F2208F2C5E85A600D776B9 /* trips_generator.rb */; };
		94F220922C5E85B200D776B9 /* generate.sh in Resources */ = {isa = PBXBuildFile; fileRef = 94F220912C5E85B200D776B9 /* generate.sh */; };
		94F220942C5E85C700D776B9 /* trips.json in Resources */ = {isa = PBXBuildFile; fileRef = 94F220932C5E85C700D776B9 /* trips.json */; };
		94F220992C5E886E00D776B9 /* stops_generator.rb in Resources */ = {isa = PBXBuildFile; fileRef = 94F220972C5E886E00D776B9 /* stops_generator.rb */; };
		94F2209A2C5E886E00D776B9 /* stop_times_generator.rb in Resources */ = {isa = PBXBuildFile; fileRef = 94F220982C5E886E00D776B9 /* stop_times_generator.rb */; };
		94F2209D2C5E888200D776B9 /* stops.json in Resources */ = {isa = PBXBuildFile; fileRef = 94F2209B2C5E888200D776B9 /* stops.json */; };
		94F2209E2C5E888200D776B9 /* stop_times.json in Resources */ = {isa = PBXBuildFile; fileRef = 94F2209C2C5E888200D776B9 /* stop_times.json */; };
/* End PBXBuildFile section */

/* Begin PBXContainerItemProxy section */
		94ABDF8F2C29ABBD00970F8C /* PBXContainerItemProxy */ = {
			isa = PBXContainerItemProxy;
			containerPortal = 94ABDF752C29ABBD00970F8C /* Project object */;
			proxyType = 1;
			remoteGlobalIDString = 94ABDF7C2C29ABBD00970F8C;
			remoteInfo = CyBus;
		};
		94ABDF992C29ABBE00970F8C /* PBXContainerItemProxy */ = {
			isa = PBXContainerItemProxy;
			containerPortal = 94ABDF752C29ABBD00970F8C /* Project object */;
			proxyType = 1;
			remoteGlobalIDString = 94ABDF7C2C29ABBD00970F8C;
			remoteInfo = CyBus;
		};
/* End PBXContainerItemProxy section */

/* Begin PBXFileReference section */
		9400C2532C35BA3600355A0F /* Info.plist */ = {isa = PBXFileReference; lastKnownFileType = text.plist.xml; path = Info.plist; sourceTree = "<group>"; };
		942C53EC2C55152E00DE9BD7 /* README.md */ = {isa = PBXFileReference; fileEncoding = 4; lastKnownFileType = net.daringfireball.markdown; path = README.md; sourceTree = "<group>"; };
		942C53ED2C55152E00DE9BD7 /* routes_generator.rb */ = {isa = PBXFileReference; fileEncoding = 4; lastKnownFileType = text.script.ruby; path = routes_generator.rb; sourceTree = "<group>"; };
		942C53F02C55201900DE9BD7 /* shapes_generator.rb */ = {isa = PBXFileReference; fileEncoding = 4; lastKnownFileType = text.script.ruby; path = shapes_generator.rb; sourceTree = "<group>"; };
		942C53F42C55208B00DE9BD7 /* shapes.json */ = {isa = PBXFileReference; fileEncoding = 4; lastKnownFileType = text.json; path = shapes.json; sourceTree = "<group>"; };
		942C53F62C55217400DE9BD7 /* RouteDTO.swift */ = {isa = PBXFileReference; lastKnownFileType = sourcecode.swift; path = RouteDTO.swift; sourceTree = "<group>"; };
		9439105F2CAF201300B644A9 /* LocationUseCases.swift */ = {isa = PBXFileReference; lastKnownFileType = sourcecode.swift; path = LocationUseCases.swift; sourceTree = "<group>"; };
		943910612CAF202100B644A9 /* LocationUseCasesProtocol.swift */ = {isa = PBXFileReference; lastKnownFileType = sourcecode.swift; path = LocationUseCasesProtocol.swift; sourceTree = "<group>"; };
		943A86102CB0456D007AFF00 /* LocationViewModel.swift */ = {isa = PBXFileReference; lastKnownFileType = sourcecode.swift; path = LocationViewModel.swift; sourceTree = "<group>"; };
		943A86122CB04584007AFF00 /* CameraViewModel.swift */ = {isa = PBXFileReference; lastKnownFileType = sourcecode.swift; path = CameraViewModel.swift; sourceTree = "<group>"; };
		9449C9CF2C6DFBBA009E98F3 /* ShapeDTO.swift */ = {isa = PBXFileReference; lastKnownFileType = sourcecode.swift; path = ShapeDTO.swift; sourceTree = "<group>"; };
		9449C9D72C6E01CE009E98F3 /* TripDTO.swift */ = {isa = PBXFileReference; fileEncoding = 4; lastKnownFileType = sourcecode.swift; path = TripDTO.swift; sourceTree = "<group>"; };
		947633D42C6E0747000F20C7 /* StopDTO.swift */ = {isa = PBXFileReference; lastKnownFileType = sourcecode.swift; path = StopDTO.swift; sourceTree = "<group>"; };
		947633D62C6E0799000F20C7 /* StopTimeDTO.swift */ = {isa = PBXFileReference; lastKnownFileType = sourcecode.swift; path = StopTimeDTO.swift; sourceTree = "<group>"; };
		94891BC72C3AF77A008AFC53 /* gtfs-realtime.pb.swift */ = {isa = PBXFileReference; fileEncoding = 4; lastKnownFileType = sourcecode.swift; path = "gtfs-realtime.pb.swift"; sourceTree = "<group>"; };
		94891BD62C3AFBCF008AFC53 /* MapView.swift */ = {isa = PBXFileReference; lastKnownFileType = sourcecode.swift; path = MapView.swift; sourceTree = "<group>"; };
		94891BD82C3AFC20008AFC53 /* MapViewModel.swift */ = {isa = PBXFileReference; lastKnownFileType = sourcecode.swift; path = MapViewModel.swift; sourceTree = "<group>"; };
		94891BDF2C3B017B008AFC53 /* BusEntity.swift */ = {isa = PBXFileReference; lastKnownFileType = sourcecode.swift; path = BusEntity.swift; sourceTree = "<group>"; };
		949765732C516EFE001321CA /* Config.xcconfig */ = {isa = PBXFileReference; lastKnownFileType = text.xcconfig; path = Config.xcconfig; sourceTree = "<group>"; };
		94ABDF7D2C29ABBD00970F8C /* CyBus.app */ = {isa = PBXFileReference; explicitFileType = wrapper.application; includeInIndex = 0; path = CyBus.app; sourceTree = BUILT_PRODUCTS_DIR; };
		94ABDF802C29ABBD00970F8C /* CyBusApp.swift */ = {isa = PBXFileReference; lastKnownFileType = sourcecode.swift; path = CyBusApp.swift; sourceTree = "<group>"; };
		94ABDF842C29ABBD00970F8C /* Assets.xcassets */ = {isa = PBXFileReference; lastKnownFileType = folder.assetcatalog; path = Assets.xcassets; sourceTree = "<group>"; };
		94ABDF862C29ABBD00970F8C /* CyBus.entitlements */ = {isa = PBXFileReference; lastKnownFileType = text.plist.entitlements; path = CyBus.entitlements; sourceTree = "<group>"; };
		94ABDF882C29ABBD00970F8C /* Preview Assets.xcassets */ = {isa = PBXFileReference; lastKnownFileType = folder.assetcatalog; path = "Preview Assets.xcassets"; sourceTree = "<group>"; };
		94ABDF8E2C29ABBD00970F8C /* CyBusTests.xctest */ = {isa = PBXFileReference; explicitFileType = wrapper.cfbundle; includeInIndex = 0; path = CyBusTests.xctest; sourceTree = BUILT_PRODUCTS_DIR; };
		94ABDF922C29ABBD00970F8C /* CyBusTests.swift */ = {isa = PBXFileReference; lastKnownFileType = sourcecode.swift; path = CyBusTests.swift; sourceTree = "<group>"; };
		94ABDF982C29ABBE00970F8C /* CyBusUITests.xctest */ = {isa = PBXFileReference; explicitFileType = wrapper.cfbundle; includeInIndex = 0; path = CyBusUITests.xctest; sourceTree = BUILT_PRODUCTS_DIR; };
		94ABDF9C2C29ABBE00970F8C /* CyBusUITests.swift */ = {isa = PBXFileReference; lastKnownFileType = sourcecode.swift; path = CyBusUITests.swift; sourceTree = "<group>"; };
		94ABDF9E2C29ABBE00970F8C /* CyBusUITestsLaunchTests.swift */ = {isa = PBXFileReference; lastKnownFileType = sourcecode.swift; path = CyBusUITestsLaunchTests.swift; sourceTree = "<group>"; };
		94AF0D9E2C7799F0002FE41B /* RoutesRepositoryProtocol.swift */ = {isa = PBXFileReference; lastKnownFileType = sourcecode.swift; path = RoutesRepositoryProtocol.swift; sourceTree = "<group>"; };
		94AF0DA02C7799FE002FE41B /* BusesRepositoryProtocol.swift */ = {isa = PBXFileReference; lastKnownFileType = sourcecode.swift; path = BusesRepositoryProtocol.swift; sourceTree = "<group>"; };
		94AF0DA22C779A8C002FE41B /* BusesUseCasesProtocol.swift */ = {isa = PBXFileReference; lastKnownFileType = sourcecode.swift; path = BusesUseCasesProtocol.swift; sourceTree = "<group>"; };
		94AF0DA42C779ADC002FE41B /* BusesUseCases.swift */ = {isa = PBXFileReference; lastKnownFileType = sourcecode.swift; path = BusesUseCases.swift; sourceTree = "<group>"; };
		94AF0DA92C77A6A8002FE41B /* RoutesRepository.swift */ = {isa = PBXFileReference; lastKnownFileType = sourcecode.swift; path = RoutesRepository.swift; sourceTree = "<group>"; };
		94AF0DAE2C77B0AB002FE41B /* BusesRepository.swift */ = {isa = PBXFileReference; lastKnownFileType = sourcecode.swift; path = BusesRepository.swift; sourceTree = "<group>"; };
		94AF0DC12C79FAE7002FE41B /* RoutesUseCases.swift */ = {isa = PBXFileReference; lastKnownFileType = sourcecode.swift; path = RoutesUseCases.swift; sourceTree = "<group>"; };
		94AF0DC32C7CF2E5002FE41B /* RoutesUseCasesProtocol.swift */ = {isa = PBXFileReference; lastKnownFileType = sourcecode.swift; path = RoutesUseCasesProtocol.swift; sourceTree = "<group>"; };
		94AF0DC52C7CF956002FE41B /* BusRouteEntity.swift */ = {isa = PBXFileReference; lastKnownFileType = sourcecode.swift; path = BusRouteEntity.swift; sourceTree = "<group>"; };
		94AF24BB2CBC1B800092EE9B /* Theme.swift */ = {isa = PBXFileReference; lastKnownFileType = sourcecode.swift; path = Theme.swift; sourceTree = "<group>"; };
		94AF24BE2CBC1C2F0092EE9B /* ThemeModeRepositoryProtocol.swift */ = {isa = PBXFileReference; lastKnownFileType = sourcecode.swift; path = ThemeModeRepositoryProtocol.swift; sourceTree = "<group>"; };
		94AF24C02CBC1C6B0092EE9B /* LocalThemeModeRepository.swift */ = {isa = PBXFileReference; lastKnownFileType = sourcecode.swift; path = LocalThemeModeRepository.swift; sourceTree = "<group>"; };
		94AF24C32CBC1DBD0092EE9B /* ThemeModeUseCasesProtocol.swift */ = {isa = PBXFileReference; lastKnownFileType = sourcecode.swift; path = ThemeModeUseCasesProtocol.swift; sourceTree = "<group>"; };
		94AF24C52CBC1DF10092EE9B /* ThemeModeUseCases.swift */ = {isa = PBXFileReference; lastKnownFileType = sourcecode.swift; path = ThemeModeUseCases.swift; sourceTree = "<group>"; };
		94AF24C72CBC21210092EE9B /* ColorPalette.swift */ = {isa = PBXFileReference; lastKnownFileType = sourcecode.swift; path = ColorPalette.swift; sourceTree = "<group>"; };
		94AF24CA2CBC282B0092EE9B /* Typography.swift */ = {isa = PBXFileReference; lastKnownFileType = sourcecode.swift; path = Typography.swift; sourceTree = "<group>"; };
		94AF24CF2CBC32FE0092EE9B /* PrimaryButton.swift */ = {isa = PBXFileReference; lastKnownFileType = sourcecode.swift; path = PrimaryButton.swift; sourceTree = "<group>"; };
		94AF24D12CBC33040092EE9B /* SecondaryButton.swift */ = {isa = PBXFileReference; lastKnownFileType = sourcecode.swift; path = SecondaryButton.swift; sourceTree = "<group>"; };
		94BB5BCB2C35CDB000404028 /* gtfs-realtime.proto */ = {isa = PBXFileReference; fileEncoding = 4; lastKnownFileType = sourcecode.protobuf; path = "gtfs-realtime.proto"; sourceTree = "<group>"; };
		94C7454A2C6E390300390B36 /* Config-Secret.xcconfig */ = {isa = PBXFileReference; lastKnownFileType = text.xcconfig; name = "Config-Secret.xcconfig"; path = "CyBus/Config-Secret.xcconfig"; sourceTree = "<group>"; };
		94C998642C88CFA8000F0E64 /* MapUseCasesProtocol.swift */ = {isa = PBXFileReference; lastKnownFileType = sourcecode.swift; path = MapUseCasesProtocol.swift; sourceTree = "<group>"; };
		94C998662C88D28C000F0E64 /* MapUseCases.swift */ = {isa = PBXFileReference; lastKnownFileType = sourcecode.swift; path = MapUseCases.swift; sourceTree = "<group>"; };
		94C998682C88DCAB000F0E64 /* StopCircle.swift */ = {isa = PBXFileReference; lastKnownFileType = sourcecode.swift; path = StopCircle.swift; sourceTree = "<group>"; };
		94CC17362C4EC42C00AC358D /* routes.shp */ = {isa = PBXFileReference; lastKnownFileType = file; path = routes.shp; sourceTree = "<group>"; };
		94CC173D2C4EC65300AC358D /* routes.prj */ = {isa = PBXFileReference; fileEncoding = 4; lastKnownFileType = text; path = routes.prj; sourceTree = "<group>"; };
		94CC173F2C4EC65300AC358D /* routes.shx */ = {isa = PBXFileReference; lastKnownFileType = file; path = routes.shx; sourceTree = "<group>"; };
		94CC17402C4EC65300AC358D /* routes.dbf */ = {isa = PBXFileReference; lastKnownFileType = file; path = routes.dbf; sourceTree = "<group>"; };
		94CC17452C4EC6AA00AC358D /* routes.json */ = {isa = PBXFileReference; fileEncoding = 4; lastKnownFileType = text.json; path = routes.json; sourceTree = "<group>"; };
		94CC17472C4ECF7C00AC358D /* Bus.swift */ = {isa = PBXFileReference; lastKnownFileType = sourcecode.swift; path = Bus.swift; sourceTree = "<group>"; };
		94F220892C5E701F00D776B9 /* ClearRouteButton.swift */ = {isa = PBXFileReference; lastKnownFileType = sourcecode.swift; path = ClearRouteButton.swift; sourceTree = "<group>"; };
		94F2208B2C5E704100D776B9 /* LocationButton.swift */ = {isa = PBXFileReference; lastKnownFileType = sourcecode.swift; path = LocationButton.swift; sourceTree = "<group>"; };
		94F2208D2C5E7E5000D776B9 /* ZoomButton.swift */ = {isa = PBXFileReference; lastKnownFileType = sourcecode.swift; path = ZoomButton.swift; sourceTree = "<group>"; };
		94F2208F2C5E85A600D776B9 /* trips_generator.rb */ = {isa = PBXFileReference; fileEncoding = 4; lastKnownFileType = text.script.ruby; path = trips_generator.rb; sourceTree = "<group>"; };
		94F220912C5E85B200D776B9 /* generate.sh */ = {isa = PBXFileReference; fileEncoding = 4; lastKnownFileType = text.script.sh; path = generate.sh; sourceTree = "<group>"; };
		94F220932C5E85C700D776B9 /* trips.json */ = {isa = PBXFileReference; fileEncoding = 4; lastKnownFileType = text.json; path = trips.json; sourceTree = "<group>"; };
		94F220972C5E886E00D776B9 /* stops_generator.rb */ = {isa = PBXFileReference; fileEncoding = 4; lastKnownFileType = text.script.ruby; path = stops_generator.rb; sourceTree = "<group>"; };
		94F220982C5E886E00D776B9 /* stop_times_generator.rb */ = {isa = PBXFileReference; fileEncoding = 4; lastKnownFileType = text.script.ruby; path = stop_times_generator.rb; sourceTree = "<group>"; };
		94F2209B2C5E888200D776B9 /* stops.json */ = {isa = PBXFileReference; fileEncoding = 4; lastKnownFileType = text.json; path = stops.json; sourceTree = "<group>"; };
		94F2209C2C5E888200D776B9 /* stop_times.json */ = {isa = PBXFileReference; fileEncoding = 4; lastKnownFileType = text.json; path = stop_times.json; sourceTree = "<group>"; };
/* End PBXFileReference section */

/* Begin PBXFrameworksBuildPhase section */
		94ABDF7A2C29ABBD00970F8C /* Frameworks */ = {
			isa = PBXFrameworksBuildPhase;
			buildActionMask = 2147483647;
			files = (
				94AF24B02CBC0BD60092EE9B /* MapboxMaps in Frameworks */,
				94BB5BC72C35CBDF00404028 /* SwiftProtobuf in Frameworks */,
			);
			runOnlyForDeploymentPostprocessing = 0;
		};
		94ABDF8B2C29ABBD00970F8C /* Frameworks */ = {
			isa = PBXFrameworksBuildPhase;
			buildActionMask = 2147483647;
			files = (
			);
			runOnlyForDeploymentPostprocessing = 0;
		};
		94ABDF952C29ABBE00970F8C /* Frameworks */ = {
			isa = PBXFrameworksBuildPhase;
			buildActionMask = 2147483647;
			files = (
			);
			runOnlyForDeploymentPostprocessing = 0;
		};
/* End PBXFrameworksBuildPhase section */

/* Begin PBXGroup section */
		943910582CAF1F1600B644A9 /* Location */ = {
			isa = PBXGroup;
			children = (
				9439105B2CAF1F2F00B644A9 /* Domain */,
				9439105C2CAF1F3C00B644A9 /* Presentation */,
			);
			path = Location;
			sourceTree = "<group>";
		};
		9439105B2CAF1F2F00B644A9 /* Domain */ = {
			isa = PBXGroup;
			children = (
				943910612CAF202100B644A9 /* LocationUseCasesProtocol.swift */,
				9439105F2CAF201300B644A9 /* LocationUseCases.swift */,
			);
			path = Domain;
			sourceTree = "<group>";
		};
		9439105C2CAF1F3C00B644A9 /* Presentation */ = {
			isa = PBXGroup;
			children = (
				943A86102CB0456D007AFF00 /* LocationViewModel.swift */,
			);
			path = Presentation;
			sourceTree = "<group>";
		};
		94891BD22C3AFB86008AFC53 /* DTO */ = {
			isa = PBXGroup;
			children = (
				9449C9D72C6E01CE009E98F3 /* TripDTO.swift */,
				942C53F62C55217400DE9BD7 /* RouteDTO.swift */,
				9449C9CF2C6DFBBA009E98F3 /* ShapeDTO.swift */,
				947633D42C6E0747000F20C7 /* StopDTO.swift */,
				947633D62C6E0799000F20C7 /* StopTimeDTO.swift */,
			);
			path = DTO;
			sourceTree = "<group>";
		};
		94891BD42C3AFB95008AFC53 /* ViewModels */ = {
			isa = PBXGroup;
			children = (
				943A86122CB04584007AFF00 /* CameraViewModel.swift */,
				94891BD82C3AFC20008AFC53 /* MapViewModel.swift */,
			);
			path = ViewModels;
			sourceTree = "<group>";
		};
		94891BDA2C3AFC65008AFC53 /* Repositories */ = {
			isa = PBXGroup;
			children = (
				94AF0DA02C7799FE002FE41B /* BusesRepositoryProtocol.swift */,
				94AF0D9E2C7799F0002FE41B /* RoutesRepositoryProtocol.swift */,
				94AF0DA92C77A6A8002FE41B /* RoutesRepository.swift */,
				94AF0DAE2C77B0AB002FE41B /* BusesRepository.swift */,
			);
			path = Repositories;
			sourceTree = "<group>";
		};
		94ABDF742C29ABBD00970F8C = {
			isa = PBXGroup;
			children = (
				94F220912C5E85B200D776B9 /* generate.sh */,
				942C53EC2C55152E00DE9BD7 /* README.md */,
				94F220972C5E886E00D776B9 /* stops_generator.rb */,
				94F220982C5E886E00D776B9 /* stop_times_generator.rb */,
				94F2208F2C5E85A600D776B9 /* trips_generator.rb */,
				942C53F02C55201900DE9BD7 /* shapes_generator.rb */,
				942C53ED2C55152E00DE9BD7 /* routes_generator.rb */,
				94C7454A2C6E390300390B36 /* Config-Secret.xcconfig */,
				949765732C516EFE001321CA /* Config.xcconfig */,
				94BB5BCA2C35CD8D00404028 /* Protos */,
				94BB5BC82C35CCCB00404028 /* Generated */,
				94ABDF7F2C29ABBD00970F8C /* CyBus */,
				94ABDF912C29ABBD00970F8C /* CyBusTests */,
				94ABDF9B2C29ABBE00970F8C /* CyBusUITests */,
				94ABDF7E2C29ABBD00970F8C /* Products */,
				94BB5BC52C35CBDF00404028 /* Frameworks */,
			);
			sourceTree = "<group>";
		};
		94ABDF7E2C29ABBD00970F8C /* Products */ = {
			isa = PBXGroup;
			children = (
				94ABDF7D2C29ABBD00970F8C /* CyBus.app */,
				94ABDF8E2C29ABBD00970F8C /* CyBusTests.xctest */,
				94ABDF982C29ABBE00970F8C /* CyBusUITests.xctest */,
			);
			name = Products;
			sourceTree = "<group>";
		};
		94ABDF7F2C29ABBD00970F8C /* CyBus */ = {
			isa = PBXGroup;
			children = (
				94AF0D852C779279002FE41B /* Core */,
				94AF0D932C7793EF002FE41B /* Features */,
				9400C2532C35BA3600355A0F /* Info.plist */,
				94F2209C2C5E888200D776B9 /* stop_times.json */,
				94F2209B2C5E888200D776B9 /* stops.json */,
				94F220932C5E85C700D776B9 /* trips.json */,
				94CC17452C4EC6AA00AC358D /* routes.json */,
				942C53F42C55208B00DE9BD7 /* shapes.json */,
				94ABDF802C29ABBD00970F8C /* CyBusApp.swift */,
				94ABDF842C29ABBD00970F8C /* Assets.xcassets */,
				94ABDF862C29ABBD00970F8C /* CyBus.entitlements */,
				94ABDF872C29ABBD00970F8C /* Preview Content */,
			);
			path = CyBus;
			sourceTree = "<group>";
		};
		94ABDF872C29ABBD00970F8C /* Preview Content */ = {
			isa = PBXGroup;
			children = (
				94ABDF882C29ABBD00970F8C /* Preview Assets.xcassets */,
			);
			path = "Preview Content";
			sourceTree = "<group>";
		};
		94ABDF912C29ABBD00970F8C /* CyBusTests */ = {
			isa = PBXGroup;
			children = (
				94ABDF922C29ABBD00970F8C /* CyBusTests.swift */,
			);
			path = CyBusTests;
			sourceTree = "<group>";
		};
		94ABDF9B2C29ABBE00970F8C /* CyBusUITests */ = {
			isa = PBXGroup;
			children = (
				94ABDF9C2C29ABBE00970F8C /* CyBusUITests.swift */,
				94ABDF9E2C29ABBE00970F8C /* CyBusUITestsLaunchTests.swift */,
			);
			path = CyBusUITests;
			sourceTree = "<group>";
		};
		94AF0D852C779279002FE41B /* Core */ = {
			isa = PBXGroup;
			children = (
				94AF24CC2CBC2C630092EE9B /* UIKit */,
				94AF24B52CBC19100092EE9B /* Theme */,
				943910582CAF1F1600B644A9 /* Location */,
			);
			path = Core;
			sourceTree = "<group>";
		};
		94AF0D932C7793EF002FE41B /* Features */ = {
			isa = PBXGroup;
			children = (
				94AF24B12CBC13320092EE9B /* Onboarding */,
				94AF0D942C779402002FE41B /* Map */,
			);
			path = Features;
			sourceTree = "<group>";
		};
		94AF0D942C779402002FE41B /* Map */ = {
			isa = PBXGroup;
			children = (
				94AF0D962C779431002FE41B /* Data */,
				94AF0D972C779436002FE41B /* Domain */,
				94AF0D982C77943A002FE41B /* Presentation */,
			);
			path = Map;
			sourceTree = "<group>";
		};
		94AF0D962C779431002FE41B /* Data */ = {
			isa = PBXGroup;
			children = (
				94891BD22C3AFB86008AFC53 /* DTO */,
				94891BDA2C3AFC65008AFC53 /* Repositories */,
			);
			path = Data;
			sourceTree = "<group>";
		};
		94AF0D972C779436002FE41B /* Domain */ = {
			isa = PBXGroup;
			children = (
				94AF0D9D2C779788002FE41B /* Entities */,
				94AF0D992C779555002FE41B /* UseCases */,
			);
			path = Domain;
			sourceTree = "<group>";
		};
		94AF0D982C77943A002FE41B /* Presentation */ = {
			isa = PBXGroup;
			children = (
				94891BD42C3AFB95008AFC53 /* ViewModels */,
				94AF0DA62C779D9B002FE41B /* Views */,
			);
			path = Presentation;
			sourceTree = "<group>";
		};
		94AF0D992C779555002FE41B /* UseCases */ = {
			isa = PBXGroup;
			children = (
				94AF0DA42C779ADC002FE41B /* BusesUseCases.swift */,
				94AF0DA22C779A8C002FE41B /* BusesUseCasesProtocol.swift */,
				94AF0DC12C79FAE7002FE41B /* RoutesUseCases.swift */,
				94AF0DC32C7CF2E5002FE41B /* RoutesUseCasesProtocol.swift */,
				94C998662C88D28C000F0E64 /* MapUseCases.swift */,
				94C998642C88CFA8000F0E64 /* MapUseCasesProtocol.swift */,
			);
			path = UseCases;
			sourceTree = "<group>";
		};
		94AF0D9D2C779788002FE41B /* Entities */ = {
			isa = PBXGroup;
			children = (
				94891BDF2C3B017B008AFC53 /* BusEntity.swift */,
				94AF0DC52C7CF956002FE41B /* BusRouteEntity.swift */,
			);
			path = Entities;
			sourceTree = "<group>";
		};
		94AF0DA62C779D9B002FE41B /* Views */ = {
			isa = PBXGroup;
			children = (
				94891BD62C3AFBCF008AFC53 /* MapView.swift */,
				94CC17472C4ECF7C00AC358D /* Bus.swift */,
				94F220892C5E701F00D776B9 /* ClearRouteButton.swift */,
				94F2208B2C5E704100D776B9 /* LocationButton.swift */,
				94F2208D2C5E7E5000D776B9 /* ZoomButton.swift */,
				94C998682C88DCAB000F0E64 /* StopCircle.swift */,
			);
			path = Views;
			sourceTree = "<group>";
		};
		94AF24B12CBC13320092EE9B /* Onboarding */ = {
			isa = PBXGroup;
			children = (
				94AF24B22CBC133E0092EE9B /* Data */,
				94AF24B32CBC13440092EE9B /* Domain */,
				94AF24B42CBC134D0092EE9B /* Presentation */,
			);
			path = Onboarding;
			sourceTree = "<group>";
		};
		94AF24B22CBC133E0092EE9B /* Data */ = {
			isa = PBXGroup;
			children = (
			);
			path = Data;
			sourceTree = "<group>";
		};
		94AF24B32CBC13440092EE9B /* Domain */ = {
			isa = PBXGroup;
			children = (
			);
			path = Domain;
			sourceTree = "<group>";
		};
		94AF24B42CBC134D0092EE9B /* Presentation */ = {
			isa = PBXGroup;
			children = (
			);
			path = Presentation;
			sourceTree = "<group>";
		};
		94AF24B52CBC19100092EE9B /* Theme */ = {
			isa = PBXGroup;
			children = (
				94AF24B82CBC19730092EE9B /* Data */,
				94AF24B92CBC19730092EE9B /* Domain */,
				94AF24BA2CBC19730092EE9B /* Presentation */,
			);
			path = Theme;
			sourceTree = "<group>";
		};
		94AF24B82CBC19730092EE9B /* Data */ = {
			isa = PBXGroup;
			children = (
				94AF24BD2CBC1C260092EE9B /* Repositories */,
			);
			path = Data;
			sourceTree = "<group>";
		};
		94AF24B92CBC19730092EE9B /* Domain */ = {
			isa = PBXGroup;
			children = (
				94AF24C22CBC1DB00092EE9B /* UseCases */,
			);
			path = Domain;
			sourceTree = "<group>";
		};
		94AF24BA2CBC19730092EE9B /* Presentation */ = {
			isa = PBXGroup;
			children = (
				94AF24CA2CBC282B0092EE9B /* Typography.swift */,
				94AF24C72CBC21210092EE9B /* ColorPalette.swift */,
				94AF24BB2CBC1B800092EE9B /* Theme.swift */,
			);
			path = Presentation;
			sourceTree = "<group>";
		};
		94AF24BD2CBC1C260092EE9B /* Repositories */ = {
			isa = PBXGroup;
			children = (
				94AF24BE2CBC1C2F0092EE9B /* ThemeModeRepositoryProtocol.swift */,
				94AF24C02CBC1C6B0092EE9B /* LocalThemeModeRepository.swift */,
			);
			path = Repositories;
			sourceTree = "<group>";
		};
		94AF24C22CBC1DB00092EE9B /* UseCases */ = {
			isa = PBXGroup;
			children = (
				94AF24C32CBC1DBD0092EE9B /* ThemeModeUseCasesProtocol.swift */,
				94AF24C52CBC1DF10092EE9B /* ThemeModeUseCases.swift */,
			);
			path = UseCases;
			sourceTree = "<group>";
		};
		94AF24CC2CBC2C630092EE9B /* UIKit */ = {
			isa = PBXGroup;
			children = (
				94AF24CE2CBC2C720092EE9B /* Icons */,
				94AF24CD2CBC2C6D0092EE9B /* Buttons */,
			);
			path = UIKit;
			sourceTree = "<group>";
		};
		94AF24CD2CBC2C6D0092EE9B /* Buttons */ = {
			isa = PBXGroup;
			children = (
				94AF24CF2CBC32FE0092EE9B /* PrimaryButton.swift */,
				94AF24D12CBC33040092EE9B /* SecondaryButton.swift */,
			);
			path = Buttons;
			sourceTree = "<group>";
		};
		94AF24CE2CBC2C720092EE9B /* Icons */ = {
			isa = PBXGroup;
			children = (
			);
			path = Icons;
			sourceTree = "<group>";
		};
		94BB5BC52C35CBDF00404028 /* Frameworks */ = {
			isa = PBXGroup;
			children = (
			);
			name = Frameworks;
			sourceTree = "<group>";
		};
		94BB5BC82C35CCCB00404028 /* Generated */ = {
			isa = PBXGroup;
			children = (
				94CC17362C4EC42C00AC358D /* routes.shp */,
				94CC17402C4EC65300AC358D /* routes.dbf */,
				94CC173D2C4EC65300AC358D /* routes.prj */,
				94CC173F2C4EC65300AC358D /* routes.shx */,
				94891BC72C3AF77A008AFC53 /* gtfs-realtime.pb.swift */,
			);
			path = Generated;
			sourceTree = "<group>";
		};
		94BB5BCA2C35CD8D00404028 /* Protos */ = {
			isa = PBXGroup;
			children = (
				94BB5BCB2C35CDB000404028 /* gtfs-realtime.proto */,
			);
			path = Protos;
			sourceTree = "<group>";
		};
/* End PBXGroup section */

/* Begin PBXNativeTarget section */
		94ABDF7C2C29ABBD00970F8C /* CyBus */ = {
			isa = PBXNativeTarget;
			buildConfigurationList = 94ABDFA22C29ABBE00970F8C /* Build configuration list for PBXNativeTarget "CyBus" */;
			buildPhases = (
				94ABDF792C29ABBD00970F8C /* Sources */,
				94ABDF7A2C29ABBD00970F8C /* Frameworks */,
				94ABDF7B2C29ABBD00970F8C /* Resources */,
			);
			buildRules = (
			);
			dependencies = (
			);
			name = CyBus;
			packageProductDependencies = (
				94BB5BC62C35CBDF00404028 /* SwiftProtobuf */,
				94AF24AF2CBC0BD60092EE9B /* MapboxMaps */,
			);
			productName = CyBus;
			productReference = 94ABDF7D2C29ABBD00970F8C /* CyBus.app */;
			productType = "com.apple.product-type.application";
		};
		94ABDF8D2C29ABBD00970F8C /* CyBusTests */ = {
			isa = PBXNativeTarget;
			buildConfigurationList = 94ABDFA52C29ABBE00970F8C /* Build configuration list for PBXNativeTarget "CyBusTests" */;
			buildPhases = (
				94ABDF8A2C29ABBD00970F8C /* Sources */,
				94ABDF8B2C29ABBD00970F8C /* Frameworks */,
				94ABDF8C2C29ABBD00970F8C /* Resources */,
			);
			buildRules = (
			);
			dependencies = (
				94ABDF902C29ABBD00970F8C /* PBXTargetDependency */,
			);
			name = CyBusTests;
			productName = CyBusTests;
			productReference = 94ABDF8E2C29ABBD00970F8C /* CyBusTests.xctest */;
			productType = "com.apple.product-type.bundle.unit-test";
		};
		94ABDF972C29ABBE00970F8C /* CyBusUITests */ = {
			isa = PBXNativeTarget;
			buildConfigurationList = 94ABDFA82C29ABBE00970F8C /* Build configuration list for PBXNativeTarget "CyBusUITests" */;
			buildPhases = (
				94ABDF942C29ABBE00970F8C /* Sources */,
				94ABDF952C29ABBE00970F8C /* Frameworks */,
				94ABDF962C29ABBE00970F8C /* Resources */,
			);
			buildRules = (
			);
			dependencies = (
				94ABDF9A2C29ABBE00970F8C /* PBXTargetDependency */,
			);
			name = CyBusUITests;
			productName = CyBusUITests;
			productReference = 94ABDF982C29ABBE00970F8C /* CyBusUITests.xctest */;
			productType = "com.apple.product-type.bundle.ui-testing";
		};
/* End PBXNativeTarget section */

/* Begin PBXProject section */
		94ABDF752C29ABBD00970F8C /* Project object */ = {
			isa = PBXProject;
			attributes = {
				BuildIndependentTargetsInParallel = 1;
				LastSwiftUpdateCheck = 1540;
				LastUpgradeCheck = 1540;
				TargetAttributes = {
					94ABDF7C2C29ABBD00970F8C = {
						CreatedOnToolsVersion = 15.4;
					};
					94ABDF8D2C29ABBD00970F8C = {
						CreatedOnToolsVersion = 15.4;
						TestTargetID = 94ABDF7C2C29ABBD00970F8C;
					};
					94ABDF972C29ABBE00970F8C = {
						CreatedOnToolsVersion = 15.4;
						TestTargetID = 94ABDF7C2C29ABBD00970F8C;
					};
				};
			};
			buildConfigurationList = 94ABDF782C29ABBD00970F8C /* Build configuration list for PBXProject "CyBus" */;
			compatibilityVersion = "Xcode 14.0";
			developmentRegion = en;
			hasScannedForEncodings = 0;
			knownRegions = (
				en,
				Base,
			);
			mainGroup = 94ABDF742C29ABBD00970F8C;
			packageReferences = (
				9400C25E2C35C99500355A0F /* XCRemoteSwiftPackageReference "swift-protobuf" */,
				94AF24AE2CBC0BD60092EE9B /* XCRemoteSwiftPackageReference "mapbox-maps-ios" */,
			);
			productRefGroup = 94ABDF7E2C29ABBD00970F8C /* Products */;
			projectDirPath = "";
			projectRoot = "";
			targets = (
				94ABDF7C2C29ABBD00970F8C /* CyBus */,
				94ABDF8D2C29ABBD00970F8C /* CyBusTests */,
				94ABDF972C29ABBE00970F8C /* CyBusUITests */,
			);
		};
/* End PBXProject section */

/* Begin PBXResourcesBuildPhase section */
		94ABDF7B2C29ABBD00970F8C /* Resources */ = {
			isa = PBXResourcesBuildPhase;
			buildActionMask = 2147483647;
			files = (
				94C7454B2C6E390300390B36 /* Config-Secret.xcconfig in Resources */,
				94F220942C5E85C700D776B9 /* trips.json in Resources */,
				942C53EE2C55152E00DE9BD7 /* README.md in Resources */,
				949765742C516EFE001321CA /* Config.xcconfig in Resources */,
				94F220902C5E85A600D776B9 /* trips_generator.rb in Resources */,
				94F220922C5E85B200D776B9 /* generate.sh in Resources */,
				94CC17462C4EC6AA00AC358D /* routes.json in Resources */,
				942C53EF2C55152E00DE9BD7 /* routes_generator.rb in Resources */,
				94F220992C5E886E00D776B9 /* stops_generator.rb in Resources */,
				94F2209D2C5E888200D776B9 /* stops.json in Resources */,
				942C53F52C55208B00DE9BD7 /* shapes.json in Resources */,
				94F2209A2C5E886E00D776B9 /* stop_times_generator.rb in Resources */,
				94ABDF892C29ABBD00970F8C /* Preview Assets.xcassets in Resources */,
				94ABDF852C29ABBD00970F8C /* Assets.xcassets in Resources */,
				94F2209E2C5E888200D776B9 /* stop_times.json in Resources */,
				942C53F12C55201900DE9BD7 /* shapes_generator.rb in Resources */,
			);
			runOnlyForDeploymentPostprocessing = 0;
		};
		94ABDF8C2C29ABBD00970F8C /* Resources */ = {
			isa = PBXResourcesBuildPhase;
			buildActionMask = 2147483647;
			files = (
			);
			runOnlyForDeploymentPostprocessing = 0;
		};
		94ABDF962C29ABBE00970F8C /* Resources */ = {
			isa = PBXResourcesBuildPhase;
			buildActionMask = 2147483647;
			files = (
			);
			runOnlyForDeploymentPostprocessing = 0;
		};
/* End PBXResourcesBuildPhase section */

/* Begin PBXSourcesBuildPhase section */
		94ABDF792C29ABBD00970F8C /* Sources */ = {
			isa = PBXSourcesBuildPhase;
			buildActionMask = 2147483647;
			files = (
				94CC17482C4ECF7C00AC358D /* Bus.swift in Sources */,
				94AF0DAF2C77B0AB002FE41B /* BusesRepository.swift in Sources */,
				94AF0DC42C7CF2E5002FE41B /* RoutesUseCasesProtocol.swift in Sources */,
				94C998692C88DCAB000F0E64 /* StopCircle.swift in Sources */,
				94AF24BC2CBC1B840092EE9B /* Theme.swift in Sources */,
				94F2208E2C5E7E5000D776B9 /* ZoomButton.swift in Sources */,
				94AF24D22CBC33070092EE9B /* SecondaryButton.swift in Sources */,
				9449C9D02C6DFBBA009E98F3 /* ShapeDTO.swift in Sources */,
				94AF24CB2CBC28340092EE9B /* Typography.swift in Sources */,
				94AF0DA52C779ADC002FE41B /* BusesUseCases.swift in Sources */,
				94891BC82C3AF77A008AFC53 /* gtfs-realtime.pb.swift in Sources */,
				94AF0DA32C779A8C002FE41B /* BusesUseCasesProtocol.swift in Sources */,
				94AF0D9F2C7799F0002FE41B /* RoutesRepositoryProtocol.swift in Sources */,
				94AF24C82CBC21280092EE9B /* ColorPalette.swift in Sources */,
				94AF0DC22C79FAE7002FE41B /* RoutesUseCases.swift in Sources */,
				947633D52C6E0747000F20C7 /* StopDTO.swift in Sources */,
				94AF24C42CBC1DC40092EE9B /* ThemeModeUseCasesProtocol.swift in Sources */,
				94AF24D02CBC33010092EE9B /* PrimaryButton.swift in Sources */,
				943910602CAF201E00B644A9 /* LocationUseCases.swift in Sources */,
				94891BD92C3AFC20008AFC53 /* MapViewModel.swift in Sources */,
				943A86112CB04574007AFF00 /* LocationViewModel.swift in Sources */,
				94AF0DC62C7CF956002FE41B /* BusRouteEntity.swift in Sources */,
				942C53F72C55217400DE9BD7 /* RouteDTO.swift in Sources */,
				943910622CAF202600B644A9 /* LocationUseCasesProtocol.swift in Sources */,
				94F2208C2C5E704100D776B9 /* LocationButton.swift in Sources */,
				947633D72C6E079A000F20C7 /* StopTimeDTO.swift in Sources */,
				9449C9D82C6E01CE009E98F3 /* TripDTO.swift in Sources */,
				94C998672C88D28C000F0E64 /* MapUseCases.swift in Sources */,
				94F2208A2C5E701F00D776B9 /* ClearRouteButton.swift in Sources */,
				943A86132CB04588007AFF00 /* CameraViewModel.swift in Sources */,
				94C998652C88CFA8000F0E64 /* MapUseCasesProtocol.swift in Sources */,
				94891BD72C3AFBCF008AFC53 /* MapView.swift in Sources */,
				94AF0DA12C7799FE002FE41B /* BusesRepositoryProtocol.swift in Sources */,
				94ABDF812C29ABBD00970F8C /* CyBusApp.swift in Sources */,
				94AF24C62CBC1DF80092EE9B /* ThemeModeUseCases.swift in Sources */,
				94AF24BF2CBC1C3E0092EE9B /* ThemeModeRepositoryProtocol.swift in Sources */,
				94891BE02C3B017B008AFC53 /* BusEntity.swift in Sources */,
				94AF24C12CBC1C870092EE9B /* LocalThemeModeRepository.swift in Sources */,
				94AF0DAA2C77A6A8002FE41B /* RoutesRepository.swift in Sources */,
			);
			runOnlyForDeploymentPostprocessing = 0;
		};
		94ABDF8A2C29ABBD00970F8C /* Sources */ = {
			isa = PBXSourcesBuildPhase;
			buildActionMask = 2147483647;
			files = (
				94ABDF932C29ABBD00970F8C /* CyBusTests.swift in Sources */,
			);
			runOnlyForDeploymentPostprocessing = 0;
		};
		94ABDF942C29ABBE00970F8C /* Sources */ = {
			isa = PBXSourcesBuildPhase;
			buildActionMask = 2147483647;
			files = (
				94ABDF9D2C29ABBE00970F8C /* CyBusUITests.swift in Sources */,
				94ABDF9F2C29ABBE00970F8C /* CyBusUITestsLaunchTests.swift in Sources */,
			);
			runOnlyForDeploymentPostprocessing = 0;
		};
/* End PBXSourcesBuildPhase section */

/* Begin PBXTargetDependency section */
		94ABDF902C29ABBD00970F8C /* PBXTargetDependency */ = {
			isa = PBXTargetDependency;
			target = 94ABDF7C2C29ABBD00970F8C /* CyBus */;
			targetProxy = 94ABDF8F2C29ABBD00970F8C /* PBXContainerItemProxy */;
		};
		94ABDF9A2C29ABBE00970F8C /* PBXTargetDependency */ = {
			isa = PBXTargetDependency;
			target = 94ABDF7C2C29ABBD00970F8C /* CyBus */;
			targetProxy = 94ABDF992C29ABBE00970F8C /* PBXContainerItemProxy */;
		};
/* End PBXTargetDependency section */

/* Begin XCBuildConfiguration section */
		94ABDFA02C29ABBE00970F8C /* Debug */ = {
			isa = XCBuildConfiguration;
			baseConfigurationReference = 94C7454A2C6E390300390B36 /* Config-Secret.xcconfig */;
			buildSettings = {
				ALWAYS_SEARCH_USER_PATHS = NO;
				ASSETCATALOG_COMPILER_GENERATE_SWIFT_ASSET_SYMBOL_EXTENSIONS = YES;
				CLANG_ANALYZER_NONNULL = YES;
				CLANG_ANALYZER_NUMBER_OBJECT_CONVERSION = YES_AGGRESSIVE;
				CLANG_CXX_LANGUAGE_STANDARD = "gnu++20";
				CLANG_ENABLE_MODULES = YES;
				CLANG_ENABLE_OBJC_ARC = YES;
				CLANG_ENABLE_OBJC_WEAK = YES;
				CLANG_WARN_BLOCK_CAPTURE_AUTORELEASING = YES;
				CLANG_WARN_BOOL_CONVERSION = YES;
				CLANG_WARN_COMMA = YES;
				CLANG_WARN_CONSTANT_CONVERSION = YES;
				CLANG_WARN_DEPRECATED_OBJC_IMPLEMENTATIONS = YES;
				CLANG_WARN_DIRECT_OBJC_ISA_USAGE = YES_ERROR;
				CLANG_WARN_DOCUMENTATION_COMMENTS = YES;
				CLANG_WARN_EMPTY_BODY = YES;
				CLANG_WARN_ENUM_CONVERSION = YES;
				CLANG_WARN_INFINITE_RECURSION = YES;
				CLANG_WARN_INT_CONVERSION = YES;
				CLANG_WARN_NON_LITERAL_NULL_CONVERSION = YES;
				CLANG_WARN_OBJC_IMPLICIT_RETAIN_SELF = YES;
				CLANG_WARN_OBJC_LITERAL_CONVERSION = YES;
				CLANG_WARN_OBJC_ROOT_CLASS = YES_ERROR;
				CLANG_WARN_QUOTED_INCLUDE_IN_FRAMEWORK_HEADER = YES;
				CLANG_WARN_RANGE_LOOP_ANALYSIS = YES;
				CLANG_WARN_STRICT_PROTOTYPES = YES;
				CLANG_WARN_SUSPICIOUS_MOVE = YES;
				CLANG_WARN_UNGUARDED_AVAILABILITY = YES_AGGRESSIVE;
				CLANG_WARN_UNREACHABLE_CODE = YES;
				CLANG_WARN__DUPLICATE_METHOD_MATCH = YES;
				COPY_PHASE_STRIP = NO;
				DEBUG_INFORMATION_FORMAT = dwarf;
				ENABLE_STRICT_OBJC_MSGSEND = YES;
				ENABLE_TESTABILITY = YES;
				ENABLE_USER_SCRIPT_SANDBOXING = YES;
				GCC_C_LANGUAGE_STANDARD = gnu17;
				GCC_DYNAMIC_NO_PIC = NO;
				GCC_NO_COMMON_BLOCKS = YES;
				GCC_OPTIMIZATION_LEVEL = 0;
				GCC_PREPROCESSOR_DEFINITIONS = (
					"DEBUG=1",
					"$(inherited)",
				);
				GCC_WARN_64_TO_32_BIT_CONVERSION = YES;
				GCC_WARN_ABOUT_RETURN_TYPE = YES_ERROR;
				GCC_WARN_UNDECLARED_SELECTOR = YES;
				GCC_WARN_UNINITIALIZED_AUTOS = YES_AGGRESSIVE;
				GCC_WARN_UNUSED_FUNCTION = YES;
				GCC_WARN_UNUSED_VARIABLE = YES;
				LOCALIZATION_PREFERS_STRING_CATALOGS = YES;
				MTL_ENABLE_DEBUG_INFO = INCLUDE_SOURCE;
				MTL_FAST_MATH = YES;
				ONLY_ACTIVE_ARCH = YES;
				SWIFT_ACTIVE_COMPILATION_CONDITIONS = "DEBUG $(inherited)";
				SWIFT_OPTIMIZATION_LEVEL = "-Onone";
			};
			name = Debug;
		};
		94ABDFA12C29ABBE00970F8C /* Release */ = {
			isa = XCBuildConfiguration;
			baseConfigurationReference = 94C7454A2C6E390300390B36 /* Config-Secret.xcconfig */;
			buildSettings = {
				ALWAYS_SEARCH_USER_PATHS = NO;
				ASSETCATALOG_COMPILER_GENERATE_SWIFT_ASSET_SYMBOL_EXTENSIONS = YES;
				CLANG_ANALYZER_NONNULL = YES;
				CLANG_ANALYZER_NUMBER_OBJECT_CONVERSION = YES_AGGRESSIVE;
				CLANG_CXX_LANGUAGE_STANDARD = "gnu++20";
				CLANG_ENABLE_MODULES = YES;
				CLANG_ENABLE_OBJC_ARC = YES;
				CLANG_ENABLE_OBJC_WEAK = YES;
				CLANG_WARN_BLOCK_CAPTURE_AUTORELEASING = YES;
				CLANG_WARN_BOOL_CONVERSION = YES;
				CLANG_WARN_COMMA = YES;
				CLANG_WARN_CONSTANT_CONVERSION = YES;
				CLANG_WARN_DEPRECATED_OBJC_IMPLEMENTATIONS = YES;
				CLANG_WARN_DIRECT_OBJC_ISA_USAGE = YES_ERROR;
				CLANG_WARN_DOCUMENTATION_COMMENTS = YES;
				CLANG_WARN_EMPTY_BODY = YES;
				CLANG_WARN_ENUM_CONVERSION = YES;
				CLANG_WARN_INFINITE_RECURSION = YES;
				CLANG_WARN_INT_CONVERSION = YES;
				CLANG_WARN_NON_LITERAL_NULL_CONVERSION = YES;
				CLANG_WARN_OBJC_IMPLICIT_RETAIN_SELF = YES;
				CLANG_WARN_OBJC_LITERAL_CONVERSION = YES;
				CLANG_WARN_OBJC_ROOT_CLASS = YES_ERROR;
				CLANG_WARN_QUOTED_INCLUDE_IN_FRAMEWORK_HEADER = YES;
				CLANG_WARN_RANGE_LOOP_ANALYSIS = YES;
				CLANG_WARN_STRICT_PROTOTYPES = YES;
				CLANG_WARN_SUSPICIOUS_MOVE = YES;
				CLANG_WARN_UNGUARDED_AVAILABILITY = YES_AGGRESSIVE;
				CLANG_WARN_UNREACHABLE_CODE = YES;
				CLANG_WARN__DUPLICATE_METHOD_MATCH = YES;
				COPY_PHASE_STRIP = NO;
				DEBUG_INFORMATION_FORMAT = "dwarf-with-dsym";
				ENABLE_NS_ASSERTIONS = NO;
				ENABLE_STRICT_OBJC_MSGSEND = YES;
				ENABLE_USER_SCRIPT_SANDBOXING = YES;
				GCC_C_LANGUAGE_STANDARD = gnu17;
				GCC_NO_COMMON_BLOCKS = YES;
				GCC_WARN_64_TO_32_BIT_CONVERSION = YES;
				GCC_WARN_ABOUT_RETURN_TYPE = YES_ERROR;
				GCC_WARN_UNDECLARED_SELECTOR = YES;
				GCC_WARN_UNINITIALIZED_AUTOS = YES_AGGRESSIVE;
				GCC_WARN_UNUSED_FUNCTION = YES;
				GCC_WARN_UNUSED_VARIABLE = YES;
				LOCALIZATION_PREFERS_STRING_CATALOGS = YES;
				MTL_ENABLE_DEBUG_INFO = NO;
				MTL_FAST_MATH = YES;
				SWIFT_COMPILATION_MODE = wholemodule;
			};
			name = Release;
		};
		94ABDFA32C29ABBE00970F8C /* Debug */ = {
			isa = XCBuildConfiguration;
			baseConfigurationReference = 94C7454A2C6E390300390B36 /* Config-Secret.xcconfig */;
			buildSettings = {
				ASSETCATALOG_COMPILER_APPICON_NAME = AppIcon;
				ASSETCATALOG_COMPILER_GLOBAL_ACCENT_COLOR_NAME = AccentColor;
				CODE_SIGN_ENTITLEMENTS = CyBus/CyBus.entitlements;
				CODE_SIGN_STYLE = Automatic;
				CURRENT_PROJECT_VERSION = 1;
				DEVELOPMENT_ASSET_PATHS = "\"CyBus/Preview Content\"";
				ENABLE_PREVIEWS = YES;
				GENERATE_INFOPLIST_FILE = YES;
				INFOPLIST_FILE = CyBus/Info.plist;
				INFOPLIST_KEY_LSApplicationCategoryType = "public.app-category.navigation";
				"INFOPLIST_KEY_UIApplicationSceneManifest_Generation[sdk=iphoneos*]" = YES;
				"INFOPLIST_KEY_UIApplicationSceneManifest_Generation[sdk=iphonesimulator*]" = YES;
				"INFOPLIST_KEY_UIApplicationSupportsIndirectInputEvents[sdk=iphoneos*]" = YES;
				"INFOPLIST_KEY_UIApplicationSupportsIndirectInputEvents[sdk=iphonesimulator*]" = YES;
				"INFOPLIST_KEY_UILaunchScreen_Generation[sdk=iphoneos*]" = YES;
				"INFOPLIST_KEY_UILaunchScreen_Generation[sdk=iphonesimulator*]" = YES;
				"INFOPLIST_KEY_UIStatusBarStyle[sdk=iphoneos*]" = UIStatusBarStyleDefault;
				"INFOPLIST_KEY_UIStatusBarStyle[sdk=iphonesimulator*]" = UIStatusBarStyleDefault;
				INFOPLIST_KEY_UISupportedInterfaceOrientations_iPad = "UIInterfaceOrientationPortrait UIInterfaceOrientationPortraitUpsideDown UIInterfaceOrientationLandscapeLeft UIInterfaceOrientationLandscapeRight";
				INFOPLIST_KEY_UISupportedInterfaceOrientations_iPhone = "UIInterfaceOrientationPortrait UIInterfaceOrientationLandscapeLeft UIInterfaceOrientationLandscapeRight";
				IPHONEOS_DEPLOYMENT_TARGET = 17.5;
				LD_RUNPATH_SEARCH_PATHS = "@executable_path/Frameworks";
				"LD_RUNPATH_SEARCH_PATHS[sdk=macosx*]" = "@executable_path/../Frameworks";
				MACOSX_DEPLOYMENT_TARGET = 14.1;
				MARKETING_VERSION = 1.0;
				PRODUCT_BUNDLE_IDENTIFIER = open.community.CyBus;
				PRODUCT_NAME = "$(TARGET_NAME)";
				SDKROOT = auto;
				SUPPORTED_PLATFORMS = "iphoneos iphonesimulator macosx";
				SWIFT_EMIT_LOC_STRINGS = YES;
				SWIFT_VERSION = 5.0;
				TARGETED_DEVICE_FAMILY = "1,2";
			};
			name = Debug;
		};
		94ABDFA42C29ABBE00970F8C /* Release */ = {
			isa = XCBuildConfiguration;
			baseConfigurationReference = 94C7454A2C6E390300390B36 /* Config-Secret.xcconfig */;
			buildSettings = {
				ASSETCATALOG_COMPILER_APPICON_NAME = AppIcon;
				ASSETCATALOG_COMPILER_GLOBAL_ACCENT_COLOR_NAME = AccentColor;
				CODE_SIGN_ENTITLEMENTS = CyBus/CyBus.entitlements;
				CODE_SIGN_STYLE = Automatic;
				CURRENT_PROJECT_VERSION = 1;
				DEVELOPMENT_ASSET_PATHS = "\"CyBus/Preview Content\"";
				ENABLE_PREVIEWS = YES;
				GENERATE_INFOPLIST_FILE = YES;
				INFOPLIST_FILE = CyBus/Info.plist;
				INFOPLIST_KEY_LSApplicationCategoryType = "public.app-category.navigation";
				"INFOPLIST_KEY_UIApplicationSceneManifest_Generation[sdk=iphoneos*]" = YES;
				"INFOPLIST_KEY_UIApplicationSceneManifest_Generation[sdk=iphonesimulator*]" = YES;
				"INFOPLIST_KEY_UIApplicationSupportsIndirectInputEvents[sdk=iphoneos*]" = YES;
				"INFOPLIST_KEY_UIApplicationSupportsIndirectInputEvents[sdk=iphonesimulator*]" = YES;
				"INFOPLIST_KEY_UILaunchScreen_Generation[sdk=iphoneos*]" = YES;
				"INFOPLIST_KEY_UILaunchScreen_Generation[sdk=iphonesimulator*]" = YES;
				"INFOPLIST_KEY_UIStatusBarStyle[sdk=iphoneos*]" = UIStatusBarStyleDefault;
				"INFOPLIST_KEY_UIStatusBarStyle[sdk=iphonesimulator*]" = UIStatusBarStyleDefault;
				INFOPLIST_KEY_UISupportedInterfaceOrientations_iPad = "UIInterfaceOrientationPortrait UIInterfaceOrientationPortraitUpsideDown UIInterfaceOrientationLandscapeLeft UIInterfaceOrientationLandscapeRight";
				INFOPLIST_KEY_UISupportedInterfaceOrientations_iPhone = "UIInterfaceOrientationPortrait UIInterfaceOrientationLandscapeLeft UIInterfaceOrientationLandscapeRight";
				IPHONEOS_DEPLOYMENT_TARGET = 17.5;
				LD_RUNPATH_SEARCH_PATHS = "@executable_path/Frameworks";
				"LD_RUNPATH_SEARCH_PATHS[sdk=macosx*]" = "@executable_path/../Frameworks";
				MACOSX_DEPLOYMENT_TARGET = 14.1;
				MARKETING_VERSION = 1.0;
				PRODUCT_BUNDLE_IDENTIFIER = open.community.CyBus;
				PRODUCT_NAME = "$(TARGET_NAME)";
				SDKROOT = auto;
				SUPPORTED_PLATFORMS = "iphoneos iphonesimulator macosx";
				SWIFT_EMIT_LOC_STRINGS = YES;
				SWIFT_VERSION = 5.0;
				TARGETED_DEVICE_FAMILY = "1,2";
			};
			name = Release;
		};
		94ABDFA62C29ABBE00970F8C /* Debug */ = {
			isa = XCBuildConfiguration;
			baseConfigurationReference = 94C7454A2C6E390300390B36 /* Config-Secret.xcconfig */;
			buildSettings = {
				ALWAYS_EMBED_SWIFT_STANDARD_LIBRARIES = YES;
				BUNDLE_LOADER = "$(TEST_HOST)";
				CODE_SIGN_STYLE = Automatic;
				CURRENT_PROJECT_VERSION = 1;
				GENERATE_INFOPLIST_FILE = YES;
				IPHONEOS_DEPLOYMENT_TARGET = 17.5;
				MACOSX_DEPLOYMENT_TARGET = 14.1;
				MARKETING_VERSION = 1.0;
				PRODUCT_BUNDLE_IDENTIFIER = open.community.CyBusTests;
				PRODUCT_NAME = "$(TARGET_NAME)";
				SDKROOT = auto;
				SUPPORTED_PLATFORMS = "iphoneos iphonesimulator macosx";
				SWIFT_EMIT_LOC_STRINGS = NO;
				SWIFT_VERSION = 5.0;
				TARGETED_DEVICE_FAMILY = "1,2";
				TEST_HOST = "$(BUILT_PRODUCTS_DIR)/CyBus.app/$(BUNDLE_EXECUTABLE_FOLDER_PATH)/CyBus";
			};
			name = Debug;
		};
		94ABDFA72C29ABBE00970F8C /* Release */ = {
			isa = XCBuildConfiguration;
			baseConfigurationReference = 94C7454A2C6E390300390B36 /* Config-Secret.xcconfig */;
			buildSettings = {
				ALWAYS_EMBED_SWIFT_STANDARD_LIBRARIES = YES;
				BUNDLE_LOADER = "$(TEST_HOST)";
				CODE_SIGN_STYLE = Automatic;
				CURRENT_PROJECT_VERSION = 1;
				GENERATE_INFOPLIST_FILE = YES;
				IPHONEOS_DEPLOYMENT_TARGET = 17.5;
				MACOSX_DEPLOYMENT_TARGET = 14.1;
				MARKETING_VERSION = 1.0;
				PRODUCT_BUNDLE_IDENTIFIER = open.community.CyBusTests;
				PRODUCT_NAME = "$(TARGET_NAME)";
				SDKROOT = auto;
				SUPPORTED_PLATFORMS = "iphoneos iphonesimulator macosx";
				SWIFT_EMIT_LOC_STRINGS = NO;
				SWIFT_VERSION = 5.0;
				TARGETED_DEVICE_FAMILY = "1,2";
				TEST_HOST = "$(BUILT_PRODUCTS_DIR)/CyBus.app/$(BUNDLE_EXECUTABLE_FOLDER_PATH)/CyBus";
			};
			name = Release;
		};
		94ABDFA92C29ABBE00970F8C /* Debug */ = {
			isa = XCBuildConfiguration;
			baseConfigurationReference = 94C7454A2C6E390300390B36 /* Config-Secret.xcconfig */;
			buildSettings = {
				ALWAYS_EMBED_SWIFT_STANDARD_LIBRARIES = YES;
				CODE_SIGN_STYLE = Automatic;
				CURRENT_PROJECT_VERSION = 1;
				GENERATE_INFOPLIST_FILE = YES;
				IPHONEOS_DEPLOYMENT_TARGET = 17.5;
				MACOSX_DEPLOYMENT_TARGET = 14.1;
				MARKETING_VERSION = 1.0;
				PRODUCT_BUNDLE_IDENTIFIER = open.community.CyBusUITests;
				PRODUCT_NAME = "$(TARGET_NAME)";
				SDKROOT = auto;
				SUPPORTED_PLATFORMS = "iphoneos iphonesimulator macosx";
				SWIFT_EMIT_LOC_STRINGS = NO;
				SWIFT_VERSION = 5.0;
				TARGETED_DEVICE_FAMILY = "1,2";
				TEST_TARGET_NAME = CyBus;
			};
			name = Debug;
		};
		94ABDFAA2C29ABBE00970F8C /* Release */ = {
			isa = XCBuildConfiguration;
			baseConfigurationReference = 94C7454A2C6E390300390B36 /* Config-Secret.xcconfig */;
			buildSettings = {
				ALWAYS_EMBED_SWIFT_STANDARD_LIBRARIES = YES;
				CODE_SIGN_STYLE = Automatic;
				CURRENT_PROJECT_VERSION = 1;
				GENERATE_INFOPLIST_FILE = YES;
				IPHONEOS_DEPLOYMENT_TARGET = 17.5;
				MACOSX_DEPLOYMENT_TARGET = 14.1;
				MARKETING_VERSION = 1.0;
				PRODUCT_BUNDLE_IDENTIFIER = open.community.CyBusUITests;
				PRODUCT_NAME = "$(TARGET_NAME)";
				SDKROOT = auto;
				SUPPORTED_PLATFORMS = "iphoneos iphonesimulator macosx";
				SWIFT_EMIT_LOC_STRINGS = NO;
				SWIFT_VERSION = 5.0;
				TARGETED_DEVICE_FAMILY = "1,2";
				TEST_TARGET_NAME = CyBus;
			};
			name = Release;
		};
/* End XCBuildConfiguration section */

/* Begin XCConfigurationList section */
		94ABDF782C29ABBD00970F8C /* Build configuration list for PBXProject "CyBus" */ = {
			isa = XCConfigurationList;
			buildConfigurations = (
				94ABDFA02C29ABBE00970F8C /* Debug */,
				94ABDFA12C29ABBE00970F8C /* Release */,
			);
			defaultConfigurationIsVisible = 0;
			defaultConfigurationName = Release;
		};
		94ABDFA22C29ABBE00970F8C /* Build configuration list for PBXNativeTarget "CyBus" */ = {
			isa = XCConfigurationList;
			buildConfigurations = (
				94ABDFA32C29ABBE00970F8C /* Debug */,
				94ABDFA42C29ABBE00970F8C /* Release */,
			);
			defaultConfigurationIsVisible = 0;
			defaultConfigurationName = Release;
		};
		94ABDFA52C29ABBE00970F8C /* Build configuration list for PBXNativeTarget "CyBusTests" */ = {
			isa = XCConfigurationList;
			buildConfigurations = (
				94ABDFA62C29ABBE00970F8C /* Debug */,
				94ABDFA72C29ABBE00970F8C /* Release */,
			);
			defaultConfigurationIsVisible = 0;
			defaultConfigurationName = Release;
		};
		94ABDFA82C29ABBE00970F8C /* Build configuration list for PBXNativeTarget "CyBusUITests" */ = {
			isa = XCConfigurationList;
			buildConfigurations = (
				94ABDFA92C29ABBE00970F8C /* Debug */,
				94ABDFAA2C29ABBE00970F8C /* Release */,
			);
			defaultConfigurationIsVisible = 0;
			defaultConfigurationName = Release;
		};
/* End XCConfigurationList section */

/* Begin XCRemoteSwiftPackageReference section */
		9400C25E2C35C99500355A0F /* XCRemoteSwiftPackageReference "swift-protobuf" */ = {
			isa = XCRemoteSwiftPackageReference;
			repositoryURL = "https://github.com/apple/swift-protobuf.git";
			requirement = {
				kind = upToNextMajorVersion;
				minimumVersion = 1.26.0;
			};
		};
		94AF24AE2CBC0BD60092EE9B /* XCRemoteSwiftPackageReference "mapbox-maps-ios" */ = {
			isa = XCRemoteSwiftPackageReference;
			repositoryURL = "https://github.com/mapbox/mapbox-maps-ios.git";
			requirement = {
				kind = upToNextMajorVersion;
				minimumVersion = 11.7.1;
			};
		};
/* End XCRemoteSwiftPackageReference section */

/* Begin XCSwiftPackageProductDependency section */
		94AF24AF2CBC0BD60092EE9B /* MapboxMaps */ = {
			isa = XCSwiftPackageProductDependency;
			package = 94AF24AE2CBC0BD60092EE9B /* XCRemoteSwiftPackageReference "mapbox-maps-ios" */;
			productName = MapboxMaps;
		};
		94BB5BC62C35CBDF00404028 /* SwiftProtobuf */ = {
			isa = XCSwiftPackageProductDependency;
			package = 9400C25E2C35C99500355A0F /* XCRemoteSwiftPackageReference "swift-protobuf" */;
			productName = SwiftProtobuf;
		};
/* End XCSwiftPackageProductDependency section */
	};
	rootObject = 94ABDF752C29ABBD00970F8C /* Project object */;
}
